// !$*UTF8*$!
{
	archiveVersion = 1;
	classes = {
	};
	objectVersion = 48;
	objects = {

/* Begin PBXBuildFile section */
		A61F8CF21FE7F9F3004C924D /* ImageViewCell.swift in Sources */ = {isa = PBXBuildFile; fileRef = A61F8CF11FE7F9F3004C924D /* ImageViewCell.swift */; };
		A61F8CF41FE7FA0F004C924D /* TitleViewCell.swift in Sources */ = {isa = PBXBuildFile; fileRef = A61F8CF31FE7FA0F004C924D /* TitleViewCell.swift */; };
		A61F8CF61FE7FA1C004C924D /* BodyViewCell.swift in Sources */ = {isa = PBXBuildFile; fileRef = A61F8CF51FE7FA1C004C924D /* BodyViewCell.swift */; };
		A63C15341FE671F3000907E0 /* CustomeIntensityVisualEffect.swift in Sources */ = {isa = PBXBuildFile; fileRef = A63C15331FE671F3000907E0 /* CustomeIntensityVisualEffect.swift */; };
		A63C15391FE68011000907E0 /* LineModel.swift in Sources */ = {isa = PBXBuildFile; fileRef = A63C15381FE68011000907E0 /* LineModel.swift */; };
		A63C153B1FE68765000907E0 /* CircleView.swift in Sources */ = {isa = PBXBuildFile; fileRef = A63C153A1FE68765000907E0 /* CircleView.swift */; };
		A6699A671FCEC80800A4DF6A /* AppDelegate.swift in Sources */ = {isa = PBXBuildFile; fileRef = A6699A661FCEC80800A4DF6A /* AppDelegate.swift */; };
		A6699A6C1FCEC80800A4DF6A /* Main.storyboard in Resources */ = {isa = PBXBuildFile; fileRef = A6699A6A1FCEC80800A4DF6A /* Main.storyboard */; };
		A6699A6E1FCEC80800A4DF6A /* Assets.xcassets in Resources */ = {isa = PBXBuildFile; fileRef = A6699A6D1FCEC80800A4DF6A /* Assets.xcassets */; };
		A6699A711FCEC80800A4DF6A /* LaunchScreen.storyboard in Resources */ = {isa = PBXBuildFile; fileRef = A6699A6F1FCEC80800A4DF6A /* LaunchScreen.storyboard */; };
		A6699A7C1FCEC80800A4DF6A /* ParadeTests.swift in Sources */ = {isa = PBXBuildFile; fileRef = A6699A7B1FCEC80800A4DF6A /* ParadeTests.swift */; };
		A6699A871FCEC80800A4DF6A /* ParadeUITests.swift in Sources */ = {isa = PBXBuildFile; fileRef = A6699A861FCEC80800A4DF6A /* ParadeUITests.swift */; };
		A6699A951FCEC95700A4DF6A /* ShoeTableViewCell.swift in Sources */ = {isa = PBXBuildFile; fileRef = A6699A941FCEC95700A4DF6A /* ShoeTableViewCell.swift */; };
		A6699A971FCECAFC00A4DF6A /* ShoeTableViewController.swift in Sources */ = {isa = PBXBuildFile; fileRef = A6699A961FCECAFC00A4DF6A /* ShoeTableViewController.swift */; };
		A6699A991FCECB8800A4DF6A /* Shoe.swift in Sources */ = {isa = PBXBuildFile; fileRef = A6699A981FCECB8800A4DF6A /* Shoe.swift */; };
		A6699A9B1FCF0D1F00A4DF6A /* ImageCollectionViewCell.swift in Sources */ = {isa = PBXBuildFile; fileRef = A6699A9A1FCF0D1F00A4DF6A /* ImageCollectionViewCell.swift */; };
		A6699A9D1FCF0D3D00A4DF6A /* HomeViewController.swift in Sources */ = {isa = PBXBuildFile; fileRef = A6699A9C1FCF0D3D00A4DF6A /* HomeViewController.swift */; };
		A681A84F1FE11F320003DF0B /* PdfViewController.swift in Sources */ = {isa = PBXBuildFile; fileRef = A681A84E1FE11F320003DF0B /* PdfViewController.swift */; };
		A6B77D8D1FDC77D000E7F322 /* TextCollectionViewCell.swift in Sources */ = {isa = PBXBuildFile; fileRef = A6B77D8C1FDC77D000E7F322 /* TextCollectionViewCell.swift */; };
		A6E8BF071FD017E600BC9C83 /* ShoeViewController.swift in Sources */ = {isa = PBXBuildFile; fileRef = A6E8BF061FD017E600BC9C83 /* ShoeViewController.swift */; };
		F404F44121480BB800C2A7A4 /* PaddingLabel.swift in Sources */ = {isa = PBXBuildFile; fileRef = F404F44021480BB800C2A7A4 /* PaddingLabel.swift */; };
		F411F49F2149394100BCD01E /* UpdateContentTask.swift in Sources */ = {isa = PBXBuildFile; fileRef = F411F49E2149394100BCD01E /* UpdateContentTask.swift */; };
		F411F4A121495C1600BCD01E /* URL+cache.swift in Sources */ = {isa = PBXBuildFile; fileRef = F411F4A021495C1600BCD01E /* URL+cache.swift */; };
		F47559B7215A256100269DB9 /* MenuItems.swift in Sources */ = {isa = PBXBuildFile; fileRef = F47559B6215A256100269DB9 /* MenuItems.swift */; };
		F47559B8215A263000269DB9 /* MenuItems.swift in Sources */ = {isa = PBXBuildFile; fileRef = F47559B4215A255400269DB9 /* MenuItems.swift */; };
		F47820492140042A00AF5A34 /* MenuItem.swift in Sources */ = {isa = PBXBuildFile; fileRef = F47820482140042A00AF5A34 /* MenuItem.swift */; };
		F47D6EE82157F1B900F21A18 /* DemoView.swift in Sources */ = {isa = PBXBuildFile; fileRef = F4AD7E05214C4F5B00750CB6 /* DemoView.swift */; };
		F47D6EE92157F1B900F21A18 /* PdfViewController.swift in Sources */ = {isa = PBXBuildFile; fileRef = A681A84E1FE11F320003DF0B /* PdfViewController.swift */; };
		F47D6EEA2157F1B900F21A18 /* ShoeDemoViewController.swift in Sources */ = {isa = PBXBuildFile; fileRef = F4AD7E06214C4F5B00750CB6 /* ShoeDemoViewController.swift */; };
		F47D6EEB2157F1B900F21A18 /* DeviceCell.swift in Sources */ = {isa = PBXBuildFile; fileRef = F4AD7E12214C676700750CB6 /* DeviceCell.swift */; };
		F47D6EEC2157F1B900F21A18 /* ColumnFlowLayout.swift in Sources */ = {isa = PBXBuildFile; fileRef = F4D37DEC21406BA30059991F /* ColumnFlowLayout.swift */; };
		F47D6EED2157F1B900F21A18 /* ShoeTableViewController.swift in Sources */ = {isa = PBXBuildFile; fileRef = A6699A961FCECAFC00A4DF6A /* ShoeTableViewController.swift */; };
		F47D6EEE2157F1B900F21A18 /* ShoeViewController.swift in Sources */ = {isa = PBXBuildFile; fileRef = A6E8BF061FD017E600BC9C83 /* ShoeViewController.swift */; };
		F47D6EEF2157F1B900F21A18 /* ShoeTableViewCell.swift in Sources */ = {isa = PBXBuildFile; fileRef = A6699A941FCEC95700A4DF6A /* ShoeTableViewCell.swift */; };
		F47D6EF02157F1B900F21A18 /* HomeCell.swift in Sources */ = {isa = PBXBuildFile; fileRef = F4863DE8214027B400D2BC6F /* HomeCell.swift */; };
		F47D6EF12157F1B900F21A18 /* UpdateContentTask.swift in Sources */ = {isa = PBXBuildFile; fileRef = F411F49E2149394100BCD01E /* UpdateContentTask.swift */; };
		F47D6EF22157F1B900F21A18 /* ShoeManager.swift in Sources */ = {isa = PBXBuildFile; fileRef = F4AD7E04214C4F5B00750CB6 /* ShoeManager.swift */; };
		F47D6EF32157F1B900F21A18 /* LineModel.swift in Sources */ = {isa = PBXBuildFile; fileRef = A63C15381FE68011000907E0 /* LineModel.swift */; };
		F47D6EF42157F1B900F21A18 /* BaseDemoViewController.swift in Sources */ = {isa = PBXBuildFile; fileRef = F4AD7E0A214C4F5C00750CB6 /* BaseDemoViewController.swift */; };
		F47D6EF52157F1B900F21A18 /* CircleView.swift in Sources */ = {isa = PBXBuildFile; fileRef = A63C153A1FE68765000907E0 /* CircleView.swift */; };
		F47D6EF62157F1B900F21A18 /* BodyViewCell.swift in Sources */ = {isa = PBXBuildFile; fileRef = A61F8CF51FE7FA1C004C924D /* BodyViewCell.swift */; };
		F47D6EF72157F1B900F21A18 /* CustomeIntensityVisualEffect.swift in Sources */ = {isa = PBXBuildFile; fileRef = A63C15331FE671F3000907E0 /* CustomeIntensityVisualEffect.swift */; };
		F47D6EF82157F1B900F21A18 /* TitleViewCell.swift in Sources */ = {isa = PBXBuildFile; fileRef = A61F8CF31FE7FA0F004C924D /* TitleViewCell.swift */; };
		F47D6EF92157F1B900F21A18 /* PitchDemoViewController.swift in Sources */ = {isa = PBXBuildFile; fileRef = F4AD7E08214C4F5C00750CB6 /* PitchDemoViewController.swift */; };
		F47D6EFA2157F1B900F21A18 /* ImageViewCell.swift in Sources */ = {isa = PBXBuildFile; fileRef = A61F8CF11FE7F9F3004C924D /* ImageViewCell.swift */; };
		F47D6EFB2157F1B900F21A18 /* Shoe.swift in Sources */ = {isa = PBXBuildFile; fileRef = A6699A981FCECB8800A4DF6A /* Shoe.swift */; };
		F47D6EFC2157F1B900F21A18 /* AppDelegate.swift in Sources */ = {isa = PBXBuildFile; fileRef = A6699A661FCEC80800A4DF6A /* AppDelegate.swift */; };
		F47D6EFD2157F1B900F21A18 /* TextCollectionViewCell.swift in Sources */ = {isa = PBXBuildFile; fileRef = A6B77D8C1FDC77D000E7F322 /* TextCollectionViewCell.swift */; };
		F47D6EFE2157F1B900F21A18 /* PaddingLabel.swift in Sources */ = {isa = PBXBuildFile; fileRef = F404F44021480BB800C2A7A4 /* PaddingLabel.swift */; };
		F47D6EFF2157F1B900F21A18 /* URL+cache.swift in Sources */ = {isa = PBXBuildFile; fileRef = F411F4A021495C1600BCD01E /* URL+cache.swift */; };
		F47D6F002157F1B900F21A18 /* MenuItem.swift in Sources */ = {isa = PBXBuildFile; fileRef = F47820482140042A00AF5A34 /* MenuItem.swift */; };
		F47D6F012157F1B900F21A18 /* HomeViewController.swift in Sources */ = {isa = PBXBuildFile; fileRef = A6699A9C1FCF0D3D00A4DF6A /* HomeViewController.swift */; };
		F47D6F022157F1B900F21A18 /* PairingViewController.swift in Sources */ = {isa = PBXBuildFile; fileRef = F4AD7E07214C4F5B00750CB6 /* PairingViewController.swift */; };
		F47D6F032157F1B900F21A18 /* ImageCollectionViewCell.swift in Sources */ = {isa = PBXBuildFile; fileRef = A6699A9A1FCF0D1F00A4DF6A /* ImageCollectionViewCell.swift */; };
		F47D6F052157F1B900F21A18 /* AudioToolbox.framework in Frameworks */ = {isa = PBXBuildFile; fileRef = A6817E241FD31A7700922C20 /* AudioToolbox.framework */; };
		F47D6F062157F1B900F21A18 /* CoreBluetooth.framework in Frameworks */ = {isa = PBXBuildFile; fileRef = F4CE47C6214B9379000DEFD8 /* CoreBluetooth.framework */; };
		F47D6F072157F1B900F21A18 /* AVFoundation.framework in Frameworks */ = {isa = PBXBuildFile; fileRef = F4D37DF2214078300059991F /* AVFoundation.framework */; };
		F47D6F082157F1B900F21A18 /* Pods_Parade.framework in Frameworks */ = {isa = PBXBuildFile; fileRef = F4D37DF0214078280059991F /* Pods_Parade.framework */; };
		F47D6F0A2157F1B900F21A18 /* LaunchScreen.storyboard in Resources */ = {isa = PBXBuildFile; fileRef = A6699A6F1FCEC80800A4DF6A /* LaunchScreen.storyboard */; };
		F47D6F0D2157F1B900F21A18 /* Assets.xcassets in Resources */ = {isa = PBXBuildFile; fileRef = A6699A6D1FCEC80800A4DF6A /* Assets.xcassets */; };
		F47D6F0E2157F1B900F21A18 /* Main.storyboard in Resources */ = {isa = PBXBuildFile; fileRef = A6699A6A1FCEC80800A4DF6A /* Main.storyboard */; };
		F47D6F122157F1B900F21A18 /* DemoView.xib in Resources */ = {isa = PBXBuildFile; fileRef = F4AD7E09214C4F5C00750CB6 /* DemoView.xib */; };
		F47D6F202157F53D00F21A18 /* GoogleService-Info.plist in Resources */ = {isa = PBXBuildFile; fileRef = F47D6F1E2157F53200F21A18 /* GoogleService-Info.plist */; };
		F47D6F382158480B00F21A18 /* Media.xcassets in Resources */ = {isa = PBXBuildFile; fileRef = F47D6F372158480B00F21A18 /* Media.xcassets */; };
		F47D6F3A2158481800F21A18 /* Media.xcassets in Resources */ = {isa = PBXBuildFile; fileRef = F47D6F392158481800F21A18 /* Media.xcassets */; };
		F4863DE9214027B400D2BC6F /* HomeCell.swift in Sources */ = {isa = PBXBuildFile; fileRef = F4863DE8214027B400D2BC6F /* HomeCell.swift */; };
		F4AD7E0B214C4F5C00750CB6 /* ShoeManager.swift in Sources */ = {isa = PBXBuildFile; fileRef = F4AD7E04214C4F5B00750CB6 /* ShoeManager.swift */; };
		F4AD7E0C214C4F5C00750CB6 /* DemoView.swift in Sources */ = {isa = PBXBuildFile; fileRef = F4AD7E05214C4F5B00750CB6 /* DemoView.swift */; };
		F4AD7E0D214C4F5C00750CB6 /* ShoeDemoViewController.swift in Sources */ = {isa = PBXBuildFile; fileRef = F4AD7E06214C4F5B00750CB6 /* ShoeDemoViewController.swift */; };
		F4AD7E0E214C4F5C00750CB6 /* PairingViewController.swift in Sources */ = {isa = PBXBuildFile; fileRef = F4AD7E07214C4F5B00750CB6 /* PairingViewController.swift */; };
		F4AD7E0F214C4F5C00750CB6 /* PitchDemoViewController.swift in Sources */ = {isa = PBXBuildFile; fileRef = F4AD7E08214C4F5C00750CB6 /* PitchDemoViewController.swift */; };
		F4AD7E10214C4F5C00750CB6 /* DemoView.xib in Resources */ = {isa = PBXBuildFile; fileRef = F4AD7E09214C4F5C00750CB6 /* DemoView.xib */; };
		F4AD7E11214C4F5C00750CB6 /* BaseDemoViewController.swift in Sources */ = {isa = PBXBuildFile; fileRef = F4AD7E0A214C4F5C00750CB6 /* BaseDemoViewController.swift */; };
		F4AD7E13214C676700750CB6 /* DeviceCell.swift in Sources */ = {isa = PBXBuildFile; fileRef = F4AD7E12214C676700750CB6 /* DeviceCell.swift */; };
		F4B6FDE32158499A00074007 /* GoogleService-Info.plist in Resources */ = {isa = PBXBuildFile; fileRef = F4B6FDE22158498E00074007 /* GoogleService-Info.plist */; };
		F4B6FE0821584D2B00074007 /* presentation.pdf in Resources */ = {isa = PBXBuildFile; fileRef = F4B6FDE921584D2B00074007 /* presentation.pdf */; };
		F4B6FE0921584D2B00074007 /* video.mp4 in Resources */ = {isa = PBXBuildFile; fileRef = F4B6FDEA21584D2B00074007 /* video.mp4 */; };
		F4B6FE0A21584D2B00074007 /* press.pdf in Resources */ = {isa = PBXBuildFile; fileRef = F4B6FDEB21584D2B00074007 /* press.pdf */; };
		F4B6FE0B21584D2B00074007 /* 9.jpg in Resources */ = {isa = PBXBuildFile; fileRef = F4B6FDEF21584D2B00074007 /* 9.jpg */; };
		F4B6FE0C21584D2B00074007 /* 14.jpg in Resources */ = {isa = PBXBuildFile; fileRef = F4B6FDF021584D2B00074007 /* 14.jpg */; };
		F4B6FE0D21584D2B00074007 /* 15.jpg in Resources */ = {isa = PBXBuildFile; fileRef = F4B6FDF121584D2B00074007 /* 15.jpg */; };
		F4B6FE0E21584D2B00074007 /* 17.jpg in Resources */ = {isa = PBXBuildFile; fileRef = F4B6FDF221584D2B00074007 /* 17.jpg */; };
		F4B6FE0F21584D2B00074007 /* 16.jpg in Resources */ = {isa = PBXBuildFile; fileRef = F4B6FDF321584D2B00074007 /* 16.jpg */; };
		F4B6FE1021584D2B00074007 /* 12.jpg in Resources */ = {isa = PBXBuildFile; fileRef = F4B6FDF421584D2B00074007 /* 12.jpg */; };
		F4B6FE1121584D2B00074007 /* 13.jpg in Resources */ = {isa = PBXBuildFile; fileRef = F4B6FDF521584D2B00074007 /* 13.jpg */; };
		F4B6FE1221584D2B00074007 /* 11.jpg in Resources */ = {isa = PBXBuildFile; fileRef = F4B6FDF621584D2B00074007 /* 11.jpg */; };
		F4B6FE1321584D2B00074007 /* 10.jpg in Resources */ = {isa = PBXBuildFile; fileRef = F4B6FDF721584D2B00074007 /* 10.jpg */; };
		F4B6FE1421584D2B00074007 /* 21.jpg in Resources */ = {isa = PBXBuildFile; fileRef = F4B6FDF821584D2B00074007 /* 21.jpg */; };
		F4B6FE1521584D2B00074007 /* 20.jpg in Resources */ = {isa = PBXBuildFile; fileRef = F4B6FDF921584D2B00074007 /* 20.jpg */; };
		F4B6FE1621584D2B00074007 /* 18.jpg in Resources */ = {isa = PBXBuildFile; fileRef = F4B6FDFA21584D2B00074007 /* 18.jpg */; };
		F4B6FE1721584D2B00074007 /* 19.jpg in Resources */ = {isa = PBXBuildFile; fileRef = F4B6FDFB21584D2B00074007 /* 19.jpg */; };
		F4B6FE1821584D2B00074007 /* metier.json in Resources */ = {isa = PBXBuildFile; fileRef = F4B6FDFC21584D2B00074007 /* metier.json */; };
		F4B6FE1921584D2B00074007 /* 8.jpg in Resources */ = {isa = PBXBuildFile; fileRef = F4B6FDFF21584D2B00074007 /* 8.jpg */; };
		F4B6FE1A21584D2B00074007 /* 4.jpg in Resources */ = {isa = PBXBuildFile; fileRef = F4B6FE0021584D2B00074007 /* 4.jpg */; };
		F4B6FE1B21584D2B00074007 /* 5.jpg in Resources */ = {isa = PBXBuildFile; fileRef = F4B6FE0121584D2B00074007 /* 5.jpg */; };
		F4B6FE1C21584D2B00074007 /* 7.jpg in Resources */ = {isa = PBXBuildFile; fileRef = F4B6FE0221584D2B00074007 /* 7.jpg */; };
		F4B6FE1D21584D2B00074007 /* 6.jpg in Resources */ = {isa = PBXBuildFile; fileRef = F4B6FE0321584D2B00074007 /* 6.jpg */; };
		F4B6FE1E21584D2B00074007 /* 2.jpg in Resources */ = {isa = PBXBuildFile; fileRef = F4B6FE0421584D2B00074007 /* 2.jpg */; };
		F4B6FE1F21584D2B00074007 /* 3.jpg in Resources */ = {isa = PBXBuildFile; fileRef = F4B6FE0521584D2B00074007 /* 3.jpg */; };
		F4B6FE2021584D2B00074007 /* 1.jpg in Resources */ = {isa = PBXBuildFile; fileRef = F4B6FE0621584D2B00074007 /* 1.jpg */; };
		F4B6FE2121584D2B00074007 /* vigil.json in Resources */ = {isa = PBXBuildFile; fileRef = F4B6FE0721584D2B00074007 /* vigil.json */; };
		F4B6FE4221584D3300074007 /* presentation.pdf in Resources */ = {isa = PBXBuildFile; fileRef = F4B6FE2321584D3300074007 /* presentation.pdf */; };
		F4B6FE4321584D3300074007 /* video.mp4 in Resources */ = {isa = PBXBuildFile; fileRef = F4B6FE2421584D3300074007 /* video.mp4 */; };
		F4B6FE4421584D3300074007 /* press.pdf in Resources */ = {isa = PBXBuildFile; fileRef = F4B6FE2521584D3300074007 /* press.pdf */; };
		F4B6FE4521584D3300074007 /* 9.jpg in Resources */ = {isa = PBXBuildFile; fileRef = F4B6FE2921584D3300074007 /* 9.jpg */; };
		F4B6FE4621584D3300074007 /* 14.jpg in Resources */ = {isa = PBXBuildFile; fileRef = F4B6FE2A21584D3300074007 /* 14.jpg */; };
		F4B6FE4721584D3300074007 /* 15.jpg in Resources */ = {isa = PBXBuildFile; fileRef = F4B6FE2B21584D3300074007 /* 15.jpg */; };
		F4B6FE4821584D3300074007 /* 17.jpg in Resources */ = {isa = PBXBuildFile; fileRef = F4B6FE2C21584D3300074007 /* 17.jpg */; };
		F4B6FE4921584D3300074007 /* 16.jpg in Resources */ = {isa = PBXBuildFile; fileRef = F4B6FE2D21584D3300074007 /* 16.jpg */; };
		F4B6FE4A21584D3300074007 /* 12.jpg in Resources */ = {isa = PBXBuildFile; fileRef = F4B6FE2E21584D3300074007 /* 12.jpg */; };
		F4B6FE4B21584D3300074007 /* 13.jpg in Resources */ = {isa = PBXBuildFile; fileRef = F4B6FE2F21584D3300074007 /* 13.jpg */; };
		F4B6FE4C21584D3300074007 /* 11.jpg in Resources */ = {isa = PBXBuildFile; fileRef = F4B6FE3021584D3300074007 /* 11.jpg */; };
		F4B6FE4D21584D3300074007 /* 10.jpg in Resources */ = {isa = PBXBuildFile; fileRef = F4B6FE3121584D3300074007 /* 10.jpg */; };
		F4B6FE4E21584D3300074007 /* 21.jpg in Resources */ = {isa = PBXBuildFile; fileRef = F4B6FE3221584D3300074007 /* 21.jpg */; };
		F4B6FE4F21584D3300074007 /* 20.jpg in Resources */ = {isa = PBXBuildFile; fileRef = F4B6FE3321584D3300074007 /* 20.jpg */; };
		F4B6FE5021584D3300074007 /* 18.jpg in Resources */ = {isa = PBXBuildFile; fileRef = F4B6FE3421584D3300074007 /* 18.jpg */; };
		F4B6FE5121584D3300074007 /* 19.jpg in Resources */ = {isa = PBXBuildFile; fileRef = F4B6FE3521584D3300074007 /* 19.jpg */; };
		F4B6FE5221584D3300074007 /* men.json in Resources */ = {isa = PBXBuildFile; fileRef = F4B6FE3621584D3300074007 /* men.json */; };
		F4B6FE5321584D3300074007 /* 8.jpg in Resources */ = {isa = PBXBuildFile; fileRef = F4B6FE3921584D3300074007 /* 8.jpg */; };
		F4B6FE5421584D3300074007 /* 4.jpg in Resources */ = {isa = PBXBuildFile; fileRef = F4B6FE3A21584D3300074007 /* 4.jpg */; };
		F4B6FE5521584D3300074007 /* 5.jpg in Resources */ = {isa = PBXBuildFile; fileRef = F4B6FE3B21584D3300074007 /* 5.jpg */; };
		F4B6FE5621584D3300074007 /* 7.jpg in Resources */ = {isa = PBXBuildFile; fileRef = F4B6FE3C21584D3300074007 /* 7.jpg */; };
		F4B6FE5721584D3300074007 /* 6.jpg in Resources */ = {isa = PBXBuildFile; fileRef = F4B6FE3D21584D3300074007 /* 6.jpg */; };
		F4B6FE5821584D3300074007 /* 2.jpg in Resources */ = {isa = PBXBuildFile; fileRef = F4B6FE3E21584D3300074007 /* 2.jpg */; };
		F4B6FE5921584D3300074007 /* 3.jpg in Resources */ = {isa = PBXBuildFile; fileRef = F4B6FE3F21584D3300074007 /* 3.jpg */; };
		F4B6FE5A21584D3300074007 /* 1.jpg in Resources */ = {isa = PBXBuildFile; fileRef = F4B6FE4021584D3300074007 /* 1.jpg */; };
		F4B6FE5B21584D3300074007 /* women.json in Resources */ = {isa = PBXBuildFile; fileRef = F4B6FE4121584D3300074007 /* women.json */; };
		F4CE47C7214B9379000DEFD8 /* CoreBluetooth.framework in Frameworks */ = {isa = PBXBuildFile; fileRef = F4CE47C6214B9379000DEFD8 /* CoreBluetooth.framework */; };
		F4CE47DB214C041B000DEFD8 /* AudioToolbox.framework in Frameworks */ = {isa = PBXBuildFile; fileRef = A6817E241FD31A7700922C20 /* AudioToolbox.framework */; };
		F4D37DED21406BA30059991F /* ColumnFlowLayout.swift in Sources */ = {isa = PBXBuildFile; fileRef = F4D37DEC21406BA30059991F /* ColumnFlowLayout.swift */; };
		F4D37DF1214078280059991F /* Pods_Parade.framework in Frameworks */ = {isa = PBXBuildFile; fileRef = F4D37DF0214078280059991F /* Pods_Parade.framework */; };
		F4D37DF3214078300059991F /* AVFoundation.framework in Frameworks */ = {isa = PBXBuildFile; fileRef = F4D37DF2214078300059991F /* AVFoundation.framework */; };
/* End PBXBuildFile section */

/* Begin PBXContainerItemProxy section */
		A6699A781FCEC80800A4DF6A /* PBXContainerItemProxy */ = {
			isa = PBXContainerItemProxy;
			containerPortal = A6699A5B1FCEC80800A4DF6A /* Project object */;
			proxyType = 1;
			remoteGlobalIDString = A6699A621FCEC80800A4DF6A;
			remoteInfo = Parade;
		};
		A6699A831FCEC80800A4DF6A /* PBXContainerItemProxy */ = {
			isa = PBXContainerItemProxy;
			containerPortal = A6699A5B1FCEC80800A4DF6A /* Project object */;
			proxyType = 1;
			remoteGlobalIDString = A6699A621FCEC80800A4DF6A;
			remoteInfo = Parade;
		};
/* End PBXContainerItemProxy section */

/* Begin PBXFileReference section */
		9AFD4FA75286B013F3D92D34 /* Pods_Parade.framework */ = {isa = PBXFileReference; explicitFileType = wrapper.framework; includeInIndex = 0; path = Pods_Parade.framework; sourceTree = BUILT_PRODUCTS_DIR; };
		9C3B3E386A26263EFD35D854 /* Pods-Parade.release.xcconfig */ = {isa = PBXFileReference; includeInIndex = 1; lastKnownFileType = text.xcconfig; name = "Pods-Parade.release.xcconfig"; path = "Pods/Target Support Files/Pods-Parade/Pods-Parade.release.xcconfig"; sourceTree = "<group>"; };
		9D7DDE40D3E4624CA228863E /* Pods-Parade.debug.xcconfig */ = {isa = PBXFileReference; includeInIndex = 1; lastKnownFileType = text.xcconfig; name = "Pods-Parade.debug.xcconfig"; path = "Pods/Target Support Files/Pods-Parade/Pods-Parade.debug.xcconfig"; sourceTree = "<group>"; };
		A61F8CF11FE7F9F3004C924D /* ImageViewCell.swift */ = {isa = PBXFileReference; lastKnownFileType = sourcecode.swift; path = ImageViewCell.swift; sourceTree = "<group>"; };
		A61F8CF31FE7FA0F004C924D /* TitleViewCell.swift */ = {isa = PBXFileReference; lastKnownFileType = sourcecode.swift; path = TitleViewCell.swift; sourceTree = "<group>"; };
		A61F8CF51FE7FA1C004C924D /* BodyViewCell.swift */ = {isa = PBXFileReference; lastKnownFileType = sourcecode.swift; path = BodyViewCell.swift; sourceTree = "<group>"; };
		A63C15331FE671F3000907E0 /* CustomeIntensityVisualEffect.swift */ = {isa = PBXFileReference; lastKnownFileType = sourcecode.swift; path = CustomeIntensityVisualEffect.swift; sourceTree = "<group>"; };
		A63C15381FE68011000907E0 /* LineModel.swift */ = {isa = PBXFileReference; lastKnownFileType = sourcecode.swift; path = LineModel.swift; sourceTree = "<group>"; };
		A63C153A1FE68765000907E0 /* CircleView.swift */ = {isa = PBXFileReference; lastKnownFileType = sourcecode.swift; path = CircleView.swift; sourceTree = "<group>"; };
		A6699A631FCEC80800A4DF6A /* Parade.app */ = {isa = PBXFileReference; explicitFileType = wrapper.application; includeInIndex = 0; path = Parade.app; sourceTree = BUILT_PRODUCTS_DIR; };
		A6699A661FCEC80800A4DF6A /* AppDelegate.swift */ = {isa = PBXFileReference; lastKnownFileType = sourcecode.swift; path = AppDelegate.swift; sourceTree = "<group>"; };
		A6699A6B1FCEC80800A4DF6A /* Base */ = {isa = PBXFileReference; lastKnownFileType = file.storyboard; name = Base; path = Base.lproj/Main.storyboard; sourceTree = "<group>"; };
		A6699A6D1FCEC80800A4DF6A /* Assets.xcassets */ = {isa = PBXFileReference; lastKnownFileType = folder.assetcatalog; path = Assets.xcassets; sourceTree = "<group>"; };
		A6699A701FCEC80800A4DF6A /* Base */ = {isa = PBXFileReference; lastKnownFileType = file.storyboard; name = Base; path = Base.lproj/LaunchScreen.storyboard; sourceTree = "<group>"; };
		A6699A721FCEC80800A4DF6A /* Info-Parade.plist */ = {isa = PBXFileReference; lastKnownFileType = text.plist.xml; path = "Info-Parade.plist"; sourceTree = "<group>"; };
		A6699A771FCEC80800A4DF6A /* ParadeTests.xctest */ = {isa = PBXFileReference; explicitFileType = wrapper.cfbundle; includeInIndex = 0; path = ParadeTests.xctest; sourceTree = BUILT_PRODUCTS_DIR; };
		A6699A7B1FCEC80800A4DF6A /* ParadeTests.swift */ = {isa = PBXFileReference; lastKnownFileType = sourcecode.swift; path = ParadeTests.swift; sourceTree = "<group>"; };
		A6699A7D1FCEC80800A4DF6A /* Info.plist */ = {isa = PBXFileReference; lastKnownFileType = text.plist.xml; path = Info.plist; sourceTree = "<group>"; };
		A6699A821FCEC80800A4DF6A /* ParadeUITests.xctest */ = {isa = PBXFileReference; explicitFileType = wrapper.cfbundle; includeInIndex = 0; path = ParadeUITests.xctest; sourceTree = BUILT_PRODUCTS_DIR; };
		A6699A861FCEC80800A4DF6A /* ParadeUITests.swift */ = {isa = PBXFileReference; lastKnownFileType = sourcecode.swift; path = ParadeUITests.swift; sourceTree = "<group>"; };
		A6699A881FCEC80800A4DF6A /* Info.plist */ = {isa = PBXFileReference; lastKnownFileType = text.plist.xml; path = Info.plist; sourceTree = "<group>"; };
		A6699A941FCEC95700A4DF6A /* ShoeTableViewCell.swift */ = {isa = PBXFileReference; lastKnownFileType = sourcecode.swift; path = ShoeTableViewCell.swift; sourceTree = "<group>"; };
		A6699A961FCECAFC00A4DF6A /* ShoeTableViewController.swift */ = {isa = PBXFileReference; lastKnownFileType = sourcecode.swift; path = ShoeTableViewController.swift; sourceTree = "<group>"; };
		A6699A981FCECB8800A4DF6A /* Shoe.swift */ = {isa = PBXFileReference; lastKnownFileType = sourcecode.swift; path = Shoe.swift; sourceTree = "<group>"; };
		A6699A9A1FCF0D1F00A4DF6A /* ImageCollectionViewCell.swift */ = {isa = PBXFileReference; lastKnownFileType = sourcecode.swift; path = ImageCollectionViewCell.swift; sourceTree = "<group>"; };
		A6699A9C1FCF0D3D00A4DF6A /* HomeViewController.swift */ = {isa = PBXFileReference; lastKnownFileType = sourcecode.swift; path = HomeViewController.swift; sourceTree = "<group>"; };
		A6817E241FD31A7700922C20 /* AudioToolbox.framework */ = {isa = PBXFileReference; lastKnownFileType = wrapper.framework; name = AudioToolbox.framework; path = System/Library/Frameworks/AudioToolbox.framework; sourceTree = SDKROOT; };
		A681A84E1FE11F320003DF0B /* PdfViewController.swift */ = {isa = PBXFileReference; lastKnownFileType = sourcecode.swift; path = PdfViewController.swift; sourceTree = "<group>"; };
		A6B77D8C1FDC77D000E7F322 /* TextCollectionViewCell.swift */ = {isa = PBXFileReference; lastKnownFileType = sourcecode.swift; path = TextCollectionViewCell.swift; sourceTree = "<group>"; };
		A6CE7E06203C473700DC72D7 /* MapKit.framework */ = {isa = PBXFileReference; lastKnownFileType = wrapper.framework; name = MapKit.framework; path = System/Library/Frameworks/MapKit.framework; sourceTree = SDKROOT; };
		A6E8BF061FD017E600BC9C83 /* ShoeViewController.swift */ = {isa = PBXFileReference; lastKnownFileType = sourcecode.swift; path = ShoeViewController.swift; sourceTree = "<group>"; };
		A6F83E96203733D600DAEED8 /* Alamofire.framework */ = {isa = PBXFileReference; explicitFileType = wrapper.framework; path = Alamofire.framework; sourceTree = BUILT_PRODUCTS_DIR; };
		A6F83E97203733D600DAEED8 /* SwiftyJSON.framework */ = {isa = PBXFileReference; explicitFileType = wrapper.framework; path = SwiftyJSON.framework; sourceTree = BUILT_PRODUCTS_DIR; };
		F404F44021480BB800C2A7A4 /* PaddingLabel.swift */ = {isa = PBXFileReference; lastKnownFileType = sourcecode.swift; path = PaddingLabel.swift; sourceTree = "<group>"; };
		F411F49E2149394100BCD01E /* UpdateContentTask.swift */ = {isa = PBXFileReference; lastKnownFileType = sourcecode.swift; path = UpdateContentTask.swift; sourceTree = "<group>"; };
		F411F4A021495C1600BCD01E /* URL+cache.swift */ = {isa = PBXFileReference; lastKnownFileType = sourcecode.swift; path = "URL+cache.swift"; sourceTree = "<group>"; };
		F47559B4215A255400269DB9 /* MenuItems.swift */ = {isa = PBXFileReference; lastKnownFileType = sourcecode.swift; path = MenuItems.swift; sourceTree = "<group>"; };
		F47559B6215A256100269DB9 /* MenuItems.swift */ = {isa = PBXFileReference; lastKnownFileType = sourcecode.swift; path = MenuItems.swift; sourceTree = "<group>"; };
		F47820482140042A00AF5A34 /* MenuItem.swift */ = {isa = PBXFileReference; lastKnownFileType = sourcecode.swift; path = MenuItem.swift; sourceTree = "<group>"; };
		F47D6F1B2157F1B900F21A18 /* Evone.app */ = {isa = PBXFileReference; explicitFileType = wrapper.application; includeInIndex = 0; path = Evone.app; sourceTree = BUILT_PRODUCTS_DIR; };
		F47D6F1C2157F1B900F21A18 /* Info-Evone.plist */ = {isa = PBXFileReference; lastKnownFileType = text.plist.xml; name = "Info-Evone.plist"; path = "/Users/simon/Downloads/evone-marketing-ios/Info-Evone.plist"; sourceTree = "<absolute>"; };
		F47D6F1E2157F53200F21A18 /* GoogleService-Info.plist */ = {isa = PBXFileReference; fileEncoding = 4; lastKnownFileType = text.plist.xml; path = "GoogleService-Info.plist"; sourceTree = "<group>"; };
		F47D6F372158480B00F21A18 /* Media.xcassets */ = {isa = PBXFileReference; lastKnownFileType = folder.assetcatalog; path = Media.xcassets; sourceTree = "<group>"; };
		F47D6F392158481800F21A18 /* Media.xcassets */ = {isa = PBXFileReference; lastKnownFileType = folder.assetcatalog; path = Media.xcassets; sourceTree = "<group>"; };
		F4863DE8214027B400D2BC6F /* HomeCell.swift */ = {isa = PBXFileReference; lastKnownFileType = sourcecode.swift; path = HomeCell.swift; sourceTree = "<group>"; };
		F4AD7E04214C4F5B00750CB6 /* ShoeManager.swift */ = {isa = PBXFileReference; fileEncoding = 4; lastKnownFileType = sourcecode.swift; name = ShoeManager.swift; path = Demo/ShoeManager.swift; sourceTree = "<group>"; };
		F4AD7E05214C4F5B00750CB6 /* DemoView.swift */ = {isa = PBXFileReference; fileEncoding = 4; lastKnownFileType = sourcecode.swift; name = DemoView.swift; path = Demo/DemoView.swift; sourceTree = "<group>"; };
		F4AD7E06214C4F5B00750CB6 /* ShoeDemoViewController.swift */ = {isa = PBXFileReference; fileEncoding = 4; lastKnownFileType = sourcecode.swift; name = ShoeDemoViewController.swift; path = Demo/ShoeDemoViewController.swift; sourceTree = "<group>"; };
		F4AD7E07214C4F5B00750CB6 /* PairingViewController.swift */ = {isa = PBXFileReference; fileEncoding = 4; lastKnownFileType = sourcecode.swift; name = PairingViewController.swift; path = Demo/PairingViewController.swift; sourceTree = "<group>"; };
		F4AD7E08214C4F5C00750CB6 /* PitchDemoViewController.swift */ = {isa = PBXFileReference; fileEncoding = 4; lastKnownFileType = sourcecode.swift; name = PitchDemoViewController.swift; path = Demo/PitchDemoViewController.swift; sourceTree = "<group>"; };
		F4AD7E09214C4F5C00750CB6 /* DemoView.xib */ = {isa = PBXFileReference; fileEncoding = 4; lastKnownFileType = file.xib; name = DemoView.xib; path = Demo/DemoView.xib; sourceTree = "<group>"; };
		F4AD7E0A214C4F5C00750CB6 /* BaseDemoViewController.swift */ = {isa = PBXFileReference; fileEncoding = 4; lastKnownFileType = sourcecode.swift; name = BaseDemoViewController.swift; path = Demo/BaseDemoViewController.swift; sourceTree = "<group>"; };
		F4AD7E12214C676700750CB6 /* DeviceCell.swift */ = {isa = PBXFileReference; lastKnownFileType = sourcecode.swift; name = DeviceCell.swift; path = Demo/DeviceCell.swift; sourceTree = "<group>"; };
		F4B6FDE22158498E00074007 /* GoogleService-Info.plist */ = {isa = PBXFileReference; lastKnownFileType = text.plist.xml; path = "GoogleService-Info.plist"; sourceTree = "<group>"; };
		F4B6FDE921584D2B00074007 /* presentation.pdf */ = {isa = PBXFileReference; lastKnownFileType = image.pdf; path = presentation.pdf; sourceTree = "<group>"; };
		F4B6FDEA21584D2B00074007 /* video.mp4 */ = {isa = PBXFileReference; lastKnownFileType = file; path = video.mp4; sourceTree = "<group>"; };
		F4B6FDEB21584D2B00074007 /* press.pdf */ = {isa = PBXFileReference; lastKnownFileType = image.pdf; path = press.pdf; sourceTree = "<group>"; };
		F4B6FDEF21584D2B00074007 /* 9.jpg */ = {isa = PBXFileReference; lastKnownFileType = image.jpeg; path = 9.jpg; sourceTree = "<group>"; };
		F4B6FDF021584D2B00074007 /* 14.jpg */ = {isa = PBXFileReference; lastKnownFileType = image.jpeg; path = 14.jpg; sourceTree = "<group>"; };
		F4B6FDF121584D2B00074007 /* 15.jpg */ = {isa = PBXFileReference; lastKnownFileType = image.jpeg; path = 15.jpg; sourceTree = "<group>"; };
		F4B6FDF221584D2B00074007 /* 17.jpg */ = {isa = PBXFileReference; lastKnownFileType = image.jpeg; path = 17.jpg; sourceTree = "<group>"; };
		F4B6FDF321584D2B00074007 /* 16.jpg */ = {isa = PBXFileReference; lastKnownFileType = image.jpeg; path = 16.jpg; sourceTree = "<group>"; };
		F4B6FDF421584D2B00074007 /* 12.jpg */ = {isa = PBXFileReference; lastKnownFileType = image.jpeg; path = 12.jpg; sourceTree = "<group>"; };
		F4B6FDF521584D2B00074007 /* 13.jpg */ = {isa = PBXFileReference; lastKnownFileType = image.jpeg; path = 13.jpg; sourceTree = "<group>"; };
		F4B6FDF621584D2B00074007 /* 11.jpg */ = {isa = PBXFileReference; lastKnownFileType = image.jpeg; path = 11.jpg; sourceTree = "<group>"; };
		F4B6FDF721584D2B00074007 /* 10.jpg */ = {isa = PBXFileReference; lastKnownFileType = image.jpeg; path = 10.jpg; sourceTree = "<group>"; };
		F4B6FDF821584D2B00074007 /* 21.jpg */ = {isa = PBXFileReference; lastKnownFileType = image.jpeg; path = 21.jpg; sourceTree = "<group>"; };
		F4B6FDF921584D2B00074007 /* 20.jpg */ = {isa = PBXFileReference; lastKnownFileType = image.jpeg; path = 20.jpg; sourceTree = "<group>"; };
		F4B6FDFA21584D2B00074007 /* 18.jpg */ = {isa = PBXFileReference; lastKnownFileType = image.jpeg; path = 18.jpg; sourceTree = "<group>"; };
		F4B6FDFB21584D2B00074007 /* 19.jpg */ = {isa = PBXFileReference; lastKnownFileType = image.jpeg; path = 19.jpg; sourceTree = "<group>"; };
		F4B6FDFC21584D2B00074007 /* metier.json */ = {isa = PBXFileReference; fileEncoding = 4; lastKnownFileType = text.json; path = metier.json; sourceTree = "<group>"; };
		F4B6FDFF21584D2B00074007 /* 8.jpg */ = {isa = PBXFileReference; lastKnownFileType = image.jpeg; path = 8.jpg; sourceTree = "<group>"; };
		F4B6FE0021584D2B00074007 /* 4.jpg */ = {isa = PBXFileReference; lastKnownFileType = image.jpeg; path = 4.jpg; sourceTree = "<group>"; };
		F4B6FE0121584D2B00074007 /* 5.jpg */ = {isa = PBXFileReference; lastKnownFileType = image.jpeg; path = 5.jpg; sourceTree = "<group>"; };
		F4B6FE0221584D2B00074007 /* 7.jpg */ = {isa = PBXFileReference; lastKnownFileType = image.jpeg; path = 7.jpg; sourceTree = "<group>"; };
		F4B6FE0321584D2B00074007 /* 6.jpg */ = {isa = PBXFileReference; lastKnownFileType = image.jpeg; path = 6.jpg; sourceTree = "<group>"; };
		F4B6FE0421584D2B00074007 /* 2.jpg */ = {isa = PBXFileReference; lastKnownFileType = image.jpeg; path = 2.jpg; sourceTree = "<group>"; };
		F4B6FE0521584D2B00074007 /* 3.jpg */ = {isa = PBXFileReference; lastKnownFileType = image.jpeg; path = 3.jpg; sourceTree = "<group>"; };
		F4B6FE0621584D2B00074007 /* 1.jpg */ = {isa = PBXFileReference; lastKnownFileType = image.jpeg; path = 1.jpg; sourceTree = "<group>"; };
		F4B6FE0721584D2B00074007 /* vigil.json */ = {isa = PBXFileReference; fileEncoding = 4; lastKnownFileType = text.json; path = vigil.json; sourceTree = "<group>"; };
		F4B6FE2321584D3300074007 /* presentation.pdf */ = {isa = PBXFileReference; lastKnownFileType = image.pdf; path = presentation.pdf; sourceTree = "<group>"; };
		F4B6FE2421584D3300074007 /* video.mp4 */ = {isa = PBXFileReference; lastKnownFileType = file; path = video.mp4; sourceTree = "<group>"; };
		F4B6FE2521584D3300074007 /* press.pdf */ = {isa = PBXFileReference; lastKnownFileType = image.pdf; path = press.pdf; sourceTree = "<group>"; };
		F4B6FE2921584D3300074007 /* 9.jpg */ = {isa = PBXFileReference; lastKnownFileType = image.jpeg; path = 9.jpg; sourceTree = "<group>"; };
		F4B6FE2A21584D3300074007 /* 14.jpg */ = {isa = PBXFileReference; lastKnownFileType = image.jpeg; path = 14.jpg; sourceTree = "<group>"; };
		F4B6FE2B21584D3300074007 /* 15.jpg */ = {isa = PBXFileReference; lastKnownFileType = image.jpeg; path = 15.jpg; sourceTree = "<group>"; };
		F4B6FE2C21584D3300074007 /* 17.jpg */ = {isa = PBXFileReference; lastKnownFileType = image.jpeg; path = 17.jpg; sourceTree = "<group>"; };
		F4B6FE2D21584D3300074007 /* 16.jpg */ = {isa = PBXFileReference; lastKnownFileType = image.jpeg; path = 16.jpg; sourceTree = "<group>"; };
		F4B6FE2E21584D3300074007 /* 12.jpg */ = {isa = PBXFileReference; lastKnownFileType = image.jpeg; path = 12.jpg; sourceTree = "<group>"; };
		F4B6FE2F21584D3300074007 /* 13.jpg */ = {isa = PBXFileReference; lastKnownFileType = image.jpeg; path = 13.jpg; sourceTree = "<group>"; };
		F4B6FE3021584D3300074007 /* 11.jpg */ = {isa = PBXFileReference; lastKnownFileType = image.jpeg; path = 11.jpg; sourceTree = "<group>"; };
		F4B6FE3121584D3300074007 /* 10.jpg */ = {isa = PBXFileReference; lastKnownFileType = image.jpeg; path = 10.jpg; sourceTree = "<group>"; };
		F4B6FE3221584D3300074007 /* 21.jpg */ = {isa = PBXFileReference; lastKnownFileType = image.jpeg; path = 21.jpg; sourceTree = "<group>"; };
		F4B6FE3321584D3300074007 /* 20.jpg */ = {isa = PBXFileReference; lastKnownFileType = image.jpeg; path = 20.jpg; sourceTree = "<group>"; };
		F4B6FE3421584D3300074007 /* 18.jpg */ = {isa = PBXFileReference; lastKnownFileType = image.jpeg; path = 18.jpg; sourceTree = "<group>"; };
		F4B6FE3521584D3300074007 /* 19.jpg */ = {isa = PBXFileReference; lastKnownFileType = image.jpeg; path = 19.jpg; sourceTree = "<group>"; };
		F4B6FE3621584D3300074007 /* men.json */ = {isa = PBXFileReference; fileEncoding = 4; lastKnownFileType = text.json; path = men.json; sourceTree = "<group>"; };
		F4B6FE3921584D3300074007 /* 8.jpg */ = {isa = PBXFileReference; lastKnownFileType = image.jpeg; path = 8.jpg; sourceTree = "<group>"; };
		F4B6FE3A21584D3300074007 /* 4.jpg */ = {isa = PBXFileReference; lastKnownFileType = image.jpeg; path = 4.jpg; sourceTree = "<group>"; };
		F4B6FE3B21584D3300074007 /* 5.jpg */ = {isa = PBXFileReference; lastKnownFileType = image.jpeg; path = 5.jpg; sourceTree = "<group>"; };
		F4B6FE3C21584D3300074007 /* 7.jpg */ = {isa = PBXFileReference; lastKnownFileType = image.jpeg; path = 7.jpg; sourceTree = "<group>"; };
		F4B6FE3D21584D3300074007 /* 6.jpg */ = {isa = PBXFileReference; lastKnownFileType = image.jpeg; path = 6.jpg; sourceTree = "<group>"; };
		F4B6FE3E21584D3300074007 /* 2.jpg */ = {isa = PBXFileReference; lastKnownFileType = image.jpeg; path = 2.jpg; sourceTree = "<group>"; };
		F4B6FE3F21584D3300074007 /* 3.jpg */ = {isa = PBXFileReference; lastKnownFileType = image.jpeg; path = 3.jpg; sourceTree = "<group>"; };
		F4B6FE4021584D3300074007 /* 1.jpg */ = {isa = PBXFileReference; lastKnownFileType = image.jpeg; path = 1.jpg; sourceTree = "<group>"; };
		F4B6FE4121584D3300074007 /* women.json */ = {isa = PBXFileReference; fileEncoding = 4; lastKnownFileType = text.json; path = women.json; sourceTree = "<group>"; };
		F4CE47C6214B9379000DEFD8 /* CoreBluetooth.framework */ = {isa = PBXFileReference; lastKnownFileType = wrapper.framework; name = CoreBluetooth.framework; path = System/Library/Frameworks/CoreBluetooth.framework; sourceTree = SDKROOT; };
		F4D37DEC21406BA30059991F /* ColumnFlowLayout.swift */ = {isa = PBXFileReference; lastKnownFileType = sourcecode.swift; path = ColumnFlowLayout.swift; sourceTree = "<group>"; };
		F4D37DEE214078280059991F /* Alamofire.framework */ = {isa = PBXFileReference; explicitFileType = wrapper.framework; path = Alamofire.framework; sourceTree = BUILT_PRODUCTS_DIR; };
		F4D37DF0214078280059991F /* Pods_Parade.framework */ = {isa = PBXFileReference; explicitFileType = wrapper.framework; path = Pods_Parade.framework; sourceTree = BUILT_PRODUCTS_DIR; };
		F4D37DF2214078300059991F /* AVFoundation.framework */ = {isa = PBXFileReference; lastKnownFileType = wrapper.framework; name = AVFoundation.framework; path = System/Library/Frameworks/AVFoundation.framework; sourceTree = SDKROOT; };
/* End PBXFileReference section */

/* Begin PBXFrameworksBuildPhase section */
		A6699A601FCEC80800A4DF6A /* Frameworks */ = {
			isa = PBXFrameworksBuildPhase;
			buildActionMask = 2147483647;
			files = (
				F4CE47DB214C041B000DEFD8 /* AudioToolbox.framework in Frameworks */,
				F4CE47C7214B9379000DEFD8 /* CoreBluetooth.framework in Frameworks */,
				F4D37DF3214078300059991F /* AVFoundation.framework in Frameworks */,
				F4D37DF1214078280059991F /* Pods_Parade.framework in Frameworks */,
			);
			runOnlyForDeploymentPostprocessing = 0;
		};
		A6699A741FCEC80800A4DF6A /* Frameworks */ = {
			isa = PBXFrameworksBuildPhase;
			buildActionMask = 2147483647;
			files = (
			);
			runOnlyForDeploymentPostprocessing = 0;
		};
		A6699A7F1FCEC80800A4DF6A /* Frameworks */ = {
			isa = PBXFrameworksBuildPhase;
			buildActionMask = 2147483647;
			files = (
			);
			runOnlyForDeploymentPostprocessing = 0;
		};
		F47D6F042157F1B900F21A18 /* Frameworks */ = {
			isa = PBXFrameworksBuildPhase;
			buildActionMask = 2147483647;
			files = (
				F47D6F052157F1B900F21A18 /* AudioToolbox.framework in Frameworks */,
				F47D6F062157F1B900F21A18 /* CoreBluetooth.framework in Frameworks */,
				F47D6F072157F1B900F21A18 /* AVFoundation.framework in Frameworks */,
				F47D6F082157F1B900F21A18 /* Pods_Parade.framework in Frameworks */,
			);
			runOnlyForDeploymentPostprocessing = 0;
		};
/* End PBXFrameworksBuildPhase section */

/* Begin PBXGroup section */
		9F2D5D524950FB2E53D18758 /* Pods */ = {
			isa = PBXGroup;
			children = (
				9D7DDE40D3E4624CA228863E /* Pods-Parade.debug.xcconfig */,
				9C3B3E386A26263EFD35D854 /* Pods-Parade.release.xcconfig */,
			);
			name = Pods;
			sourceTree = "<group>";
		};
		A63C15321FE671DD000907E0 /* Utils */ = {
			isa = PBXGroup;
			children = (
				A63C15331FE671F3000907E0 /* CustomeIntensityVisualEffect.swift */,
				A63C15381FE68011000907E0 /* LineModel.swift */,
				F411F4A021495C1600BCD01E /* URL+cache.swift */,
			);
			path = Utils;
			sourceTree = "<group>";
		};
		A6699A5A1FCEC80800A4DF6A = {
			isa = PBXGroup;
			children = (
				A6699A651FCEC80800A4DF6A /* Parade */,
				A6699A7A1FCEC80800A4DF6A /* ParadeTests */,
				A6699A851FCEC80800A4DF6A /* ParadeUITests */,
				A6699A641FCEC80800A4DF6A /* Products */,
				A6817E231FD31A7700922C20 /* Frameworks */,
				9F2D5D524950FB2E53D18758 /* Pods */,
			);
			sourceTree = "<group>";
		};
		A6699A641FCEC80800A4DF6A /* Products */ = {
			isa = PBXGroup;
			children = (
				A6699A631FCEC80800A4DF6A /* Parade.app */,
				A6699A771FCEC80800A4DF6A /* ParadeTests.xctest */,
				A6699A821FCEC80800A4DF6A /* ParadeUITests.xctest */,
				F47D6F1B2157F1B900F21A18 /* Evone.app */,
			);
			name = Products;
			sourceTree = "<group>";
		};
		A6699A651FCEC80800A4DF6A /* Parade */ = {
			isa = PBXGroup;
			children = (
				F47D6F222157F5B500F21A18 /* Parade */,
				F47D6F212157F5A900F21A18 /* Evone */,
				F45F1492214AF5F9007E9087 /* Demo */,
				F47820472140041700AF5A34 /* Home */,
				A63C15321FE671DD000907E0 /* Utils */,
				A6A956E91FE129BD004C3493 /* Views */,
				A6817E171FD0809300922C20 /* Model */,
				A6E8BF031FCFE75000BC9C83 /* ViewCells */,
				A6E8BF021FCFE74300BC9C83 /* ViewControllers */,
				A6699A661FCEC80800A4DF6A /* AppDelegate.swift */,
				A6699A6A1FCEC80800A4DF6A /* Main.storyboard */,
				A6699A6D1FCEC80800A4DF6A /* Assets.xcassets */,
				A6699A6F1FCEC80800A4DF6A /* LaunchScreen.storyboard */,
				A6699A721FCEC80800A4DF6A /* Info-Parade.plist */,
				F47D6F1C2157F1B900F21A18 /* Info-Evone.plist */,
			);
			path = Parade;
			sourceTree = "<group>";
		};
		A6699A7A1FCEC80800A4DF6A /* ParadeTests */ = {
			isa = PBXGroup;
			children = (
				A6699A7B1FCEC80800A4DF6A /* ParadeTests.swift */,
				A6699A7D1FCEC80800A4DF6A /* Info.plist */,
			);
			path = ParadeTests;
			sourceTree = "<group>";
		};
		A6699A851FCEC80800A4DF6A /* ParadeUITests */ = {
			isa = PBXGroup;
			children = (
				A6699A861FCEC80800A4DF6A /* ParadeUITests.swift */,
				A6699A881FCEC80800A4DF6A /* Info.plist */,
			);
			path = ParadeUITests;
			sourceTree = "<group>";
		};
		A6817E171FD0809300922C20 /* Model */ = {
			isa = PBXGroup;
			children = (
				A6699A981FCECB8800A4DF6A /* Shoe.swift */,
			);
			path = Model;
			sourceTree = "<group>";
		};
		A6817E231FD31A7700922C20 /* Frameworks */ = {
			isa = PBXGroup;
			children = (
				F4CE47C6214B9379000DEFD8 /* CoreBluetooth.framework */,
				F4D37DF2214078300059991F /* AVFoundation.framework */,
				F4D37DEE214078280059991F /* Alamofire.framework */,
				F4D37DF0214078280059991F /* Pods_Parade.framework */,
				A6CE7E06203C473700DC72D7 /* MapKit.framework */,
				A6F83E96203733D600DAEED8 /* Alamofire.framework */,
				A6F83E97203733D600DAEED8 /* SwiftyJSON.framework */,
				A6817E241FD31A7700922C20 /* AudioToolbox.framework */,
				9AFD4FA75286B013F3D92D34 /* Pods_Parade.framework */,
			);
			name = Frameworks;
			sourceTree = "<group>";
		};
		A6A956E91FE129BD004C3493 /* Views */ = {
			isa = PBXGroup;
			children = (
				A63C153A1FE68765000907E0 /* CircleView.swift */,
			);
			path = Views;
			sourceTree = "<group>";
		};
		A6E8BF021FCFE74300BC9C83 /* ViewControllers */ = {
			isa = PBXGroup;
			children = (
				A6E8BF061FD017E600BC9C83 /* ShoeViewController.swift */,
				A6699A961FCECAFC00A4DF6A /* ShoeTableViewController.swift */,
				A681A84E1FE11F320003DF0B /* PdfViewController.swift */,
			);
			path = ViewControllers;
			sourceTree = "<group>";
		};
		A6E8BF031FCFE75000BC9C83 /* ViewCells */ = {
			isa = PBXGroup;
			children = (
				A6699A941FCEC95700A4DF6A /* ShoeTableViewCell.swift */,
				A6699A9A1FCF0D1F00A4DF6A /* ImageCollectionViewCell.swift */,
				A6B77D8C1FDC77D000E7F322 /* TextCollectionViewCell.swift */,
				A61F8CF11FE7F9F3004C924D /* ImageViewCell.swift */,
				A61F8CF31FE7FA0F004C924D /* TitleViewCell.swift */,
				A61F8CF51FE7FA1C004C924D /* BodyViewCell.swift */,
			);
			path = ViewCells;
			sourceTree = "<group>";
		};
		F45F1492214AF5F9007E9087 /* Demo */ = {
			isa = PBXGroup;
			children = (
				F4AD7E0A214C4F5C00750CB6 /* BaseDemoViewController.swift */,
				F4AD7E05214C4F5B00750CB6 /* DemoView.swift */,
				F4AD7E09214C4F5C00750CB6 /* DemoView.xib */,
				F4AD7E07214C4F5B00750CB6 /* PairingViewController.swift */,
				F4AD7E08214C4F5C00750CB6 /* PitchDemoViewController.swift */,
				F4AD7E06214C4F5B00750CB6 /* ShoeDemoViewController.swift */,
				F4AD7E04214C4F5B00750CB6 /* ShoeManager.swift */,
				F4AD7E12214C676700750CB6 /* DeviceCell.swift */,
			);
			name = Demo;
			sourceTree = "<group>";
		};
		F47820472140041700AF5A34 /* Home */ = {
			isa = PBXGroup;
			children = (
				F47820482140042A00AF5A34 /* MenuItem.swift */,
				A6699A9C1FCF0D3D00A4DF6A /* HomeViewController.swift */,
				F4863DE8214027B400D2BC6F /* HomeCell.swift */,
				F4D37DEC21406BA30059991F /* ColumnFlowLayout.swift */,
				F404F44021480BB800C2A7A4 /* PaddingLabel.swift */,
				F411F49E2149394100BCD01E /* UpdateContentTask.swift */,
			);
			path = Home;
			sourceTree = "<group>";
		};
		F47D6F212157F5A900F21A18 /* Evone */ = {
			isa = PBXGroup;
			children = (
				F4B6FE2221584D3300074007 /* Resources */,
				F47D6F1E2157F53200F21A18 /* GoogleService-Info.plist */,
				F47D6F392158481800F21A18 /* Media.xcassets */,
				F47559B4215A255400269DB9 /* MenuItems.swift */,
			);
			path = Evone;
			sourceTree = "<group>";
		};
		F47D6F222157F5B500F21A18 /* Parade */ = {
			isa = PBXGroup;
			children = (
				F4B6FDE821584D2B00074007 /* Resources */,
				F4B6FDE22158498E00074007 /* GoogleService-Info.plist */,
				F47D6F372158480B00F21A18 /* Media.xcassets */,
				F47559B6215A256100269DB9 /* MenuItems.swift */,
			);
			path = Parade;
			sourceTree = "<group>";
		};
		F4B6FDE821584D2B00074007 /* Resources */ = {
			isa = PBXGroup;
			children = (
				F4B6FDE921584D2B00074007 /* presentation.pdf */,
				F4B6FDEA21584D2B00074007 /* video.mp4 */,
				F4B6FDEB21584D2B00074007 /* press.pdf */,
				F4B6FDEC21584D2B00074007 /* collections */,
			);
			path = Resources;
			sourceTree = "<group>";
		};
		F4B6FDEC21584D2B00074007 /* collections */ = {
			isa = PBXGroup;
			children = (
				F4B6FDED21584D2B00074007 /* metier */,
				F4B6FDFD21584D2B00074007 /* vigil */,
			);
			path = collections;
			sourceTree = "<group>";
		};
		F4B6FDED21584D2B00074007 /* metier */ = {
			isa = PBXGroup;
			children = (
				F4B6FDEE21584D2B00074007 /* img */,
				F4B6FDFC21584D2B00074007 /* metier.json */,
			);
			path = metier;
			sourceTree = "<group>";
		};
		F4B6FDEE21584D2B00074007 /* img */ = {
			isa = PBXGroup;
			children = (
				F4B6FDEF21584D2B00074007 /* 9.jpg */,
				F4B6FDF021584D2B00074007 /* 14.jpg */,
				F4B6FDF121584D2B00074007 /* 15.jpg */,
				F4B6FDF221584D2B00074007 /* 17.jpg */,
				F4B6FDF321584D2B00074007 /* 16.jpg */,
				F4B6FDF421584D2B00074007 /* 12.jpg */,
				F4B6FDF521584D2B00074007 /* 13.jpg */,
				F4B6FDF621584D2B00074007 /* 11.jpg */,
				F4B6FDF721584D2B00074007 /* 10.jpg */,
				F4B6FDF821584D2B00074007 /* 21.jpg */,
				F4B6FDF921584D2B00074007 /* 20.jpg */,
				F4B6FDFA21584D2B00074007 /* 18.jpg */,
				F4B6FDFB21584D2B00074007 /* 19.jpg */,
			);
			path = img;
			sourceTree = "<group>";
		};
		F4B6FDFD21584D2B00074007 /* vigil */ = {
			isa = PBXGroup;
			children = (
				F4B6FDFE21584D2B00074007 /* img */,
				F4B6FE0721584D2B00074007 /* vigil.json */,
			);
			path = vigil;
			sourceTree = "<group>";
		};
		F4B6FDFE21584D2B00074007 /* img */ = {
			isa = PBXGroup;
			children = (
				F4B6FDFF21584D2B00074007 /* 8.jpg */,
				F4B6FE0021584D2B00074007 /* 4.jpg */,
				F4B6FE0121584D2B00074007 /* 5.jpg */,
				F4B6FE0221584D2B00074007 /* 7.jpg */,
				F4B6FE0321584D2B00074007 /* 6.jpg */,
				F4B6FE0421584D2B00074007 /* 2.jpg */,
				F4B6FE0521584D2B00074007 /* 3.jpg */,
				F4B6FE0621584D2B00074007 /* 1.jpg */,
			);
			path = img;
			sourceTree = "<group>";
		};
		F4B6FE2221584D3300074007 /* Resources */ = {
			isa = PBXGroup;
			children = (
				F4B6FE2321584D3300074007 /* presentation.pdf */,
				F4B6FE2421584D3300074007 /* video.mp4 */,
				F4B6FE2521584D3300074007 /* press.pdf */,
				F4B6FE2621584D3300074007 /* collections */,
			);
			path = Resources;
			sourceTree = "<group>";
		};
		F4B6FE2621584D3300074007 /* collections */ = {
			isa = PBXGroup;
			children = (
				F4B6FE2721584D3300074007 /* men */,
				F4B6FE3721584D3300074007 /* women */,
			);
			path = collections;
			sourceTree = "<group>";
		};
		F4B6FE2721584D3300074007 /* men */ = {
			isa = PBXGroup;
			children = (
				F4B6FE2821584D3300074007 /* img */,
				F4B6FE3621584D3300074007 /* men.json */,
			);
			path = men;
			sourceTree = "<group>";
		};
		F4B6FE2821584D3300074007 /* img */ = {
			isa = PBXGroup;
			children = (
				F4B6FE2921584D3300074007 /* 9.jpg */,
				F4B6FE2A21584D3300074007 /* 14.jpg */,
				F4B6FE2B21584D3300074007 /* 15.jpg */,
				F4B6FE2C21584D3300074007 /* 17.jpg */,
				F4B6FE2D21584D3300074007 /* 16.jpg */,
				F4B6FE2E21584D3300074007 /* 12.jpg */,
				F4B6FE2F21584D3300074007 /* 13.jpg */,
				F4B6FE3021584D3300074007 /* 11.jpg */,
				F4B6FE3121584D3300074007 /* 10.jpg */,
				F4B6FE3221584D3300074007 /* 21.jpg */,
				F4B6FE3321584D3300074007 /* 20.jpg */,
				F4B6FE3421584D3300074007 /* 18.jpg */,
				F4B6FE3521584D3300074007 /* 19.jpg */,
			);
			path = img;
			sourceTree = "<group>";
		};
		F4B6FE3721584D3300074007 /* women */ = {
			isa = PBXGroup;
			children = (
				F4B6FE3821584D3300074007 /* img */,
				F4B6FE4121584D3300074007 /* women.json */,
			);
			path = women;
			sourceTree = "<group>";
		};
		F4B6FE3821584D3300074007 /* img */ = {
			isa = PBXGroup;
			children = (
				F4B6FE3921584D3300074007 /* 8.jpg */,
				F4B6FE3A21584D3300074007 /* 4.jpg */,
				F4B6FE3B21584D3300074007 /* 5.jpg */,
				F4B6FE3C21584D3300074007 /* 7.jpg */,
				F4B6FE3D21584D3300074007 /* 6.jpg */,
				F4B6FE3E21584D3300074007 /* 2.jpg */,
				F4B6FE3F21584D3300074007 /* 3.jpg */,
				F4B6FE4021584D3300074007 /* 1.jpg */,
			);
			path = img;
			sourceTree = "<group>";
		};
/* End PBXGroup section */

/* Begin PBXNativeTarget section */
		A6699A621FCEC80800A4DF6A /* Parade */ = {
			isa = PBXNativeTarget;
			buildConfigurationList = A6699A8B1FCEC80800A4DF6A /* Build configuration list for PBXNativeTarget "Parade" */;
			buildPhases = (
				08A05A9FA1E48EE9E6DF3B6C /* [CP] Check Pods Manifest.lock */,
				A6699A5F1FCEC80800A4DF6A /* Sources */,
				A6699A601FCEC80800A4DF6A /* Frameworks */,
				A6699A611FCEC80800A4DF6A /* Resources */,
				6548767EADE728FF6959A0F3 /* [CP] Embed Pods Frameworks */,
				44404CED7CBB8813BA4FD9D4 /* [CP] Copy Pods Resources */,
				F411F49D21490E7C00BCD01E /* ShellScript */,
			);
			buildRules = (
			);
			dependencies = (
			);
			name = Parade;
			productName = Parade;
			productReference = A6699A631FCEC80800A4DF6A /* Parade.app */;
			productType = "com.apple.product-type.application";
		};
		A6699A761FCEC80800A4DF6A /* ParadeTests */ = {
			isa = PBXNativeTarget;
			buildConfigurationList = A6699A8E1FCEC80800A4DF6A /* Build configuration list for PBXNativeTarget "ParadeTests" */;
			buildPhases = (
				A6699A731FCEC80800A4DF6A /* Sources */,
				A6699A741FCEC80800A4DF6A /* Frameworks */,
				A6699A751FCEC80800A4DF6A /* Resources */,
			);
			buildRules = (
			);
			dependencies = (
				A6699A791FCEC80800A4DF6A /* PBXTargetDependency */,
			);
			name = ParadeTests;
			productName = ParadeTests;
			productReference = A6699A771FCEC80800A4DF6A /* ParadeTests.xctest */;
			productType = "com.apple.product-type.bundle.unit-test";
		};
		A6699A811FCEC80800A4DF6A /* ParadeUITests */ = {
			isa = PBXNativeTarget;
			buildConfigurationList = A6699A911FCEC80800A4DF6A /* Build configuration list for PBXNativeTarget "ParadeUITests" */;
			buildPhases = (
				A6699A7E1FCEC80800A4DF6A /* Sources */,
				A6699A7F1FCEC80800A4DF6A /* Frameworks */,
				A6699A801FCEC80800A4DF6A /* Resources */,
			);
			buildRules = (
			);
			dependencies = (
				A6699A841FCEC80800A4DF6A /* PBXTargetDependency */,
			);
			name = ParadeUITests;
			productName = ParadeUITests;
			productReference = A6699A821FCEC80800A4DF6A /* ParadeUITests.xctest */;
			productType = "com.apple.product-type.bundle.ui-testing";
		};
		F47D6EE52157F1B900F21A18 /* Evone */ = {
			isa = PBXNativeTarget;
			buildConfigurationList = F47D6F182157F1B900F21A18 /* Build configuration list for PBXNativeTarget "Evone" */;
			buildPhases = (
				F47D6EE62157F1B900F21A18 /* [CP] Check Pods Manifest.lock */,
				F47D6EE72157F1B900F21A18 /* Sources */,
				F47D6F042157F1B900F21A18 /* Frameworks */,
				F47D6F092157F1B900F21A18 /* Resources */,
				F47D6F152157F1B900F21A18 /* [CP] Embed Pods Frameworks */,
				F47D6F162157F1B900F21A18 /* [CP] Copy Pods Resources */,
				F47D6F172157F1B900F21A18 /* ShellScript */,
			);
			buildRules = (
			);
			dependencies = (
			);
			name = Evone;
			productName = Parade;
			productReference = F47D6F1B2157F1B900F21A18 /* Evone.app */;
			productType = "com.apple.product-type.application";
		};
/* End PBXNativeTarget section */

/* Begin PBXProject section */
		A6699A5B1FCEC80800A4DF6A /* Project object */ = {
			isa = PBXProject;
			attributes = {
				LastSwiftUpdateCheck = 0910;
				LastUpgradeCheck = 0940;
				ORGANIZATIONNAME = "Parade Protection";
				TargetAttributes = {
					A6699A621FCEC80800A4DF6A = {
						CreatedOnToolsVersion = 9.1;
						ProvisioningStyle = Automatic;
						SystemCapabilities = {
							com.apple.Maps.iOS = {
								enabled = 1;
							};
							com.apple.Push = {
								enabled = 0;
							};
						};
					};
					A6699A761FCEC80800A4DF6A = {
						CreatedOnToolsVersion = 9.1;
						ProvisioningStyle = Manual;
						TestTargetID = A6699A621FCEC80800A4DF6A;
					};
					A6699A811FCEC80800A4DF6A = {
						CreatedOnToolsVersion = 9.1;
						ProvisioningStyle = Manual;
						TestTargetID = A6699A621FCEC80800A4DF6A;
					};
					F47D6EE52157F1B900F21A18 = {
						ProvisioningStyle = Manual;
					};
				};
			};
			buildConfigurationList = A6699A5E1FCEC80800A4DF6A /* Build configuration list for PBXProject "Parade" */;
			compatibilityVersion = "Xcode 8.0";
			developmentRegion = en;
			hasScannedForEncodings = 0;
			knownRegions = (
				en,
				Base,
			);
			mainGroup = A6699A5A1FCEC80800A4DF6A;
			productRefGroup = A6699A641FCEC80800A4DF6A /* Products */;
			projectDirPath = "";
			projectRoot = "";
			targets = (
				A6699A621FCEC80800A4DF6A /* Parade */,
				F47D6EE52157F1B900F21A18 /* Evone */,
				A6699A761FCEC80800A4DF6A /* ParadeTests */,
				A6699A811FCEC80800A4DF6A /* ParadeUITests */,
			);
		};
/* End PBXProject section */

/* Begin PBXResourcesBuildPhase section */
		A6699A611FCEC80800A4DF6A /* Resources */ = {
			isa = PBXResourcesBuildPhase;
			buildActionMask = 2147483647;
			files = (
				F4B6FE0E21584D2B00074007 /* 17.jpg in Resources */,
				F4B6FE0821584D2B00074007 /* presentation.pdf in Resources */,
				A6699A711FCEC80800A4DF6A /* LaunchScreen.storyboard in Resources */,
				F4B6FE0C21584D2B00074007 /* 14.jpg in Resources */,
				F4B6FE1321584D2B00074007 /* 10.jpg in Resources */,
				F4B6FE1621584D2B00074007 /* 18.jpg in Resources */,
				F4B6FE0F21584D2B00074007 /* 16.jpg in Resources */,
				F4B6FE1B21584D2B00074007 /* 5.jpg in Resources */,
				F4B6FE1821584D2B00074007 /* metier.json in Resources */,
				F4B6FE1021584D2B00074007 /* 12.jpg in Resources */,
				A6699A6E1FCEC80800A4DF6A /* Assets.xcassets in Resources */,
				F4B6FE1721584D2B00074007 /* 19.jpg in Resources */,
				F4B6FE0B21584D2B00074007 /* 9.jpg in Resources */,
				F4B6FE1921584D2B00074007 /* 8.jpg in Resources */,
				F4B6FE1D21584D2B00074007 /* 6.jpg in Resources */,
				F4B6FE1F21584D2B00074007 /* 3.jpg in Resources */,
				F4B6FE1A21584D2B00074007 /* 4.jpg in Resources */,
				F4B6FE1421584D2B00074007 /* 21.jpg in Resources */,
				F47D6F382158480B00F21A18 /* Media.xcassets in Resources */,
				F4B6FE1121584D2B00074007 /* 13.jpg in Resources */,
				A6699A6C1FCEC80800A4DF6A /* Main.storyboard in Resources */,
				F4B6FE0A21584D2B00074007 /* press.pdf in Resources */,
				F4B6FE1E21584D2B00074007 /* 2.jpg in Resources */,
				F4AD7E10214C4F5C00750CB6 /* DemoView.xib in Resources */,
				F4B6FE2121584D2B00074007 /* vigil.json in Resources */,
				F4B6FE2021584D2B00074007 /* 1.jpg in Resources */,
				F4B6FE1521584D2B00074007 /* 20.jpg in Resources */,
				F4B6FDE32158499A00074007 /* GoogleService-Info.plist in Resources */,
				F4B6FE0921584D2B00074007 /* video.mp4 in Resources */,
				F4B6FE1C21584D2B00074007 /* 7.jpg in Resources */,
				F4B6FE0D21584D2B00074007 /* 15.jpg in Resources */,
				F4B6FE1221584D2B00074007 /* 11.jpg in Resources */,
			);
			runOnlyForDeploymentPostprocessing = 0;
		};
		A6699A751FCEC80800A4DF6A /* Resources */ = {
			isa = PBXResourcesBuildPhase;
			buildActionMask = 2147483647;
			files = (
			);
			runOnlyForDeploymentPostprocessing = 0;
		};
		A6699A801FCEC80800A4DF6A /* Resources */ = {
			isa = PBXResourcesBuildPhase;
			buildActionMask = 2147483647;
			files = (
			);
			runOnlyForDeploymentPostprocessing = 0;
		};
		F47D6F092157F1B900F21A18 /* Resources */ = {
			isa = PBXResourcesBuildPhase;
			buildActionMask = 2147483647;
			files = (
				F4B6FE4821584D3300074007 /* 17.jpg in Resources */,
				F4B6FE4221584D3300074007 /* presentation.pdf in Resources */,
				F47D6F0A2157F1B900F21A18 /* LaunchScreen.storyboard in Resources */,
				F4B6FE4621584D3300074007 /* 14.jpg in Resources */,
				F4B6FE4D21584D3300074007 /* 10.jpg in Resources */,
				F4B6FE5021584D3300074007 /* 18.jpg in Resources */,
				F4B6FE4921584D3300074007 /* 16.jpg in Resources */,
				F4B6FE5521584D3300074007 /* 5.jpg in Resources */,
				F4B6FE5221584D3300074007 /* men.json in Resources */,
				F4B6FE4A21584D3300074007 /* 12.jpg in Resources */,
				F47D6F0D2157F1B900F21A18 /* Assets.xcassets in Resources */,
				F4B6FE5121584D3300074007 /* 19.jpg in Resources */,
				F4B6FE4521584D3300074007 /* 9.jpg in Resources */,
				F4B6FE5321584D3300074007 /* 8.jpg in Resources */,
				F4B6FE5721584D3300074007 /* 6.jpg in Resources */,
				F4B6FE5921584D3300074007 /* 3.jpg in Resources */,
				F4B6FE5421584D3300074007 /* 4.jpg in Resources */,
				F4B6FE4E21584D3300074007 /* 21.jpg in Resources */,
				F47D6F3A2158481800F21A18 /* Media.xcassets in Resources */,
				F4B6FE4B21584D3300074007 /* 13.jpg in Resources */,
				F47D6F0E2157F1B900F21A18 /* Main.storyboard in Resources */,
				F4B6FE4421584D3300074007 /* press.pdf in Resources */,
				F4B6FE5821584D3300074007 /* 2.jpg in Resources */,
				F47D6F122157F1B900F21A18 /* DemoView.xib in Resources */,
				F4B6FE5B21584D3300074007 /* women.json in Resources */,
				F4B6FE5A21584D3300074007 /* 1.jpg in Resources */,
				F4B6FE4F21584D3300074007 /* 20.jpg in Resources */,
				F47D6F202157F53D00F21A18 /* GoogleService-Info.plist in Resources */,
				F4B6FE4321584D3300074007 /* video.mp4 in Resources */,
				F4B6FE5621584D3300074007 /* 7.jpg in Resources */,
				F4B6FE4721584D3300074007 /* 15.jpg in Resources */,
				F4B6FE4C21584D3300074007 /* 11.jpg in Resources */,
			);
			runOnlyForDeploymentPostprocessing = 0;
		};
/* End PBXResourcesBuildPhase section */

/* Begin PBXShellScriptBuildPhase section */
		08A05A9FA1E48EE9E6DF3B6C /* [CP] Check Pods Manifest.lock */ = {
			isa = PBXShellScriptBuildPhase;
			buildActionMask = 2147483647;
			files = (
			);
			inputPaths = (
				"${PODS_PODFILE_DIR_PATH}/Podfile.lock",
				"${PODS_ROOT}/Manifest.lock",
			);
			name = "[CP] Check Pods Manifest.lock";
			outputPaths = (
				"$(DERIVED_FILE_DIR)/Pods-Parade-checkManifestLockResult.txt",
			);
			runOnlyForDeploymentPostprocessing = 0;
			shellPath = /bin/sh;
			shellScript = "diff \"${PODS_PODFILE_DIR_PATH}/Podfile.lock\" \"${PODS_ROOT}/Manifest.lock\" > /dev/null\nif [ $? != 0 ] ; then\n    # print error to STDERR\n    echo \"error: The sandbox is not in sync with the Podfile.lock. Run 'pod install' or update your CocoaPods installation.\" >&2\n    exit 1\nfi\n# This output is used by Xcode 'outputs' to avoid re-running this script phase.\necho \"SUCCESS\" > \"${SCRIPT_OUTPUT_FILE_0}\"\n";
			showEnvVarsInLog = 0;
		};
		44404CED7CBB8813BA4FD9D4 /* [CP] Copy Pods Resources */ = {
			isa = PBXShellScriptBuildPhase;
			buildActionMask = 2147483647;
			files = (
			);
			inputPaths = (
			);
			name = "[CP] Copy Pods Resources";
			outputPaths = (
			);
			runOnlyForDeploymentPostprocessing = 0;
			shellPath = /bin/sh;
			shellScript = "\"${SRCROOT}/Pods/Target Support Files/Pods-Parade/Pods-Parade-resources.sh\"\n";
			showEnvVarsInLog = 0;
		};
		6548767EADE728FF6959A0F3 /* [CP] Embed Pods Frameworks */ = {
			isa = PBXShellScriptBuildPhase;
			buildActionMask = 2147483647;
			files = (
			);
			inputPaths = (
				"${SRCROOT}/Pods/Target Support Files/Pods-Parade/Pods-Parade-frameworks.sh",
				"${BUILT_PRODUCTS_DIR}/GTMSessionFetcher/GTMSessionFetcher.framework",
				"${BUILT_PRODUCTS_DIR}/GoogleToolboxForMac/GoogleToolboxForMac.framework",
				"${BUILT_PRODUCTS_DIR}/Zip/Zip.framework",
				"${BUILT_PRODUCTS_DIR}/nanopb/nanopb.framework",
			);
			name = "[CP] Embed Pods Frameworks";
			outputPaths = (
				"${TARGET_BUILD_DIR}/${FRAMEWORKS_FOLDER_PATH}/GTMSessionFetcher.framework",
				"${TARGET_BUILD_DIR}/${FRAMEWORKS_FOLDER_PATH}/GoogleToolboxForMac.framework",
				"${TARGET_BUILD_DIR}/${FRAMEWORKS_FOLDER_PATH}/Zip.framework",
				"${TARGET_BUILD_DIR}/${FRAMEWORKS_FOLDER_PATH}/nanopb.framework",
			);
			runOnlyForDeploymentPostprocessing = 0;
			shellPath = /bin/sh;
			shellScript = "\"${SRCROOT}/Pods/Target Support Files/Pods-Parade/Pods-Parade-frameworks.sh\"\n";
			showEnvVarsInLog = 0;
		};
		F411F49D21490E7C00BCD01E /* ShellScript */ = {
			isa = PBXShellScriptBuildPhase;
			buildActionMask = 2147483647;
			files = (
			);
			inputPaths = (
			);
			outputPaths = (
			);
			runOnlyForDeploymentPostprocessing = 0;
			shellPath = /bin/sh;
			shellScript = "\"${PODS_ROOT}/Fabric/run\"\n";
		};
		F47D6EE62157F1B900F21A18 /* [CP] Check Pods Manifest.lock */ = {
			isa = PBXShellScriptBuildPhase;
			buildActionMask = 2147483647;
			files = (
			);
			inputPaths = (
				"${PODS_PODFILE_DIR_PATH}/Podfile.lock",
				"${PODS_ROOT}/Manifest.lock",
			);
			name = "[CP] Check Pods Manifest.lock";
			outputPaths = (
				"$(DERIVED_FILE_DIR)/Pods-Parade-checkManifestLockResult.txt",
			);
			runOnlyForDeploymentPostprocessing = 0;
			shellPath = /bin/sh;
			shellScript = "diff \"${PODS_PODFILE_DIR_PATH}/Podfile.lock\" \"${PODS_ROOT}/Manifest.lock\" > /dev/null\nif [ $? != 0 ] ; then\n    # print error to STDERR\n    echo \"error: The sandbox is not in sync with the Podfile.lock. Run 'pod install' or update your CocoaPods installation.\" >&2\n    exit 1\nfi\n# This output is used by Xcode 'outputs' to avoid re-running this script phase.\necho \"SUCCESS\" > \"${SCRIPT_OUTPUT_FILE_0}\"\n";
			showEnvVarsInLog = 0;
		};
		F47D6F152157F1B900F21A18 /* [CP] Embed Pods Frameworks */ = {
			isa = PBXShellScriptBuildPhase;
			buildActionMask = 2147483647;
			files = (
			);
			inputPaths = (
				"${SRCROOT}/Pods/Target Support Files/Pods-Parade/Pods-Parade-frameworks.sh",
				"${BUILT_PRODUCTS_DIR}/GTMSessionFetcher/GTMSessionFetcher.framework",
				"${BUILT_PRODUCTS_DIR}/GoogleToolboxForMac/GoogleToolboxForMac.framework",
				"${BUILT_PRODUCTS_DIR}/Zip/Zip.framework",
				"${BUILT_PRODUCTS_DIR}/nanopb/nanopb.framework",
			);
			name = "[CP] Embed Pods Frameworks";
			outputPaths = (
				"${TARGET_BUILD_DIR}/${FRAMEWORKS_FOLDER_PATH}/GTMSessionFetcher.framework",
				"${TARGET_BUILD_DIR}/${FRAMEWORKS_FOLDER_PATH}/GoogleToolboxForMac.framework",
				"${TARGET_BUILD_DIR}/${FRAMEWORKS_FOLDER_PATH}/Zip.framework",
				"${TARGET_BUILD_DIR}/${FRAMEWORKS_FOLDER_PATH}/nanopb.framework",
			);
			runOnlyForDeploymentPostprocessing = 0;
			shellPath = /bin/sh;
			shellScript = "\"${SRCROOT}/Pods/Target Support Files/Pods-Parade/Pods-Parade-frameworks.sh\"\n";
			showEnvVarsInLog = 0;
		};
		F47D6F162157F1B900F21A18 /* [CP] Copy Pods Resources */ = {
			isa = PBXShellScriptBuildPhase;
			buildActionMask = 2147483647;
			files = (
			);
			inputPaths = (
			);
			name = "[CP] Copy Pods Resources";
			outputPaths = (
			);
			runOnlyForDeploymentPostprocessing = 0;
			shellPath = /bin/sh;
			shellScript = "\"${SRCROOT}/Pods/Target Support Files/Pods-Parade/Pods-Parade-resources.sh\"\n";
			showEnvVarsInLog = 0;
		};
		F47D6F172157F1B900F21A18 /* ShellScript */ = {
			isa = PBXShellScriptBuildPhase;
			buildActionMask = 2147483647;
			files = (
			);
			inputPaths = (
			);
			outputPaths = (
			);
			runOnlyForDeploymentPostprocessing = 0;
			shellPath = /bin/sh;
			shellScript = "\"${PODS_ROOT}/Fabric/run\"";
		};
/* End PBXShellScriptBuildPhase section */

/* Begin PBXSourcesBuildPhase section */
		A6699A5F1FCEC80800A4DF6A /* Sources */ = {
			isa = PBXSourcesBuildPhase;
			buildActionMask = 2147483647;
			files = (
				F4AD7E0C214C4F5C00750CB6 /* DemoView.swift in Sources */,
				A681A84F1FE11F320003DF0B /* PdfViewController.swift in Sources */,
				F4AD7E0D214C4F5C00750CB6 /* ShoeDemoViewController.swift in Sources */,
				F4AD7E13214C676700750CB6 /* DeviceCell.swift in Sources */,
				F4D37DED21406BA30059991F /* ColumnFlowLayout.swift in Sources */,
				A6699A971FCECAFC00A4DF6A /* ShoeTableViewController.swift in Sources */,
				A6E8BF071FD017E600BC9C83 /* ShoeViewController.swift in Sources */,
				A6699A951FCEC95700A4DF6A /* ShoeTableViewCell.swift in Sources */,
				F4863DE9214027B400D2BC6F /* HomeCell.swift in Sources */,
				F411F49F2149394100BCD01E /* UpdateContentTask.swift in Sources */,
				F4AD7E0B214C4F5C00750CB6 /* ShoeManager.swift in Sources */,
				A63C15391FE68011000907E0 /* LineModel.swift in Sources */,
				F4AD7E11214C4F5C00750CB6 /* BaseDemoViewController.swift in Sources */,
				A63C153B1FE68765000907E0 /* CircleView.swift in Sources */,
				A61F8CF61FE7FA1C004C924D /* BodyViewCell.swift in Sources */,
				A63C15341FE671F3000907E0 /* CustomeIntensityVisualEffect.swift in Sources */,
				F47559B7215A256100269DB9 /* MenuItems.swift in Sources */,
				A61F8CF41FE7FA0F004C924D /* TitleViewCell.swift in Sources */,
				F4AD7E0F214C4F5C00750CB6 /* PitchDemoViewController.swift in Sources */,
				A61F8CF21FE7F9F3004C924D /* ImageViewCell.swift in Sources */,
				A6699A991FCECB8800A4DF6A /* Shoe.swift in Sources */,
				A6699A671FCEC80800A4DF6A /* AppDelegate.swift in Sources */,
				A6B77D8D1FDC77D000E7F322 /* TextCollectionViewCell.swift in Sources */,
				F404F44121480BB800C2A7A4 /* PaddingLabel.swift in Sources */,
				F411F4A121495C1600BCD01E /* URL+cache.swift in Sources */,
				F47820492140042A00AF5A34 /* MenuItem.swift in Sources */,
				A6699A9D1FCF0D3D00A4DF6A /* HomeViewController.swift in Sources */,
				F4AD7E0E214C4F5C00750CB6 /* PairingViewController.swift in Sources */,
				A6699A9B1FCF0D1F00A4DF6A /* ImageCollectionViewCell.swift in Sources */,
			);
			runOnlyForDeploymentPostprocessing = 0;
		};
		A6699A731FCEC80800A4DF6A /* Sources */ = {
			isa = PBXSourcesBuildPhase;
			buildActionMask = 2147483647;
			files = (
				A6699A7C1FCEC80800A4DF6A /* ParadeTests.swift in Sources */,
			);
			runOnlyForDeploymentPostprocessing = 0;
		};
		A6699A7E1FCEC80800A4DF6A /* Sources */ = {
			isa = PBXSourcesBuildPhase;
			buildActionMask = 2147483647;
			files = (
				A6699A871FCEC80800A4DF6A /* ParadeUITests.swift in Sources */,
			);
			runOnlyForDeploymentPostprocessing = 0;
		};
		F47D6EE72157F1B900F21A18 /* Sources */ = {
			isa = PBXSourcesBuildPhase;
			buildActionMask = 2147483647;
			files = (
				F47D6EE82157F1B900F21A18 /* DemoView.swift in Sources */,
				F47D6EE92157F1B900F21A18 /* PdfViewController.swift in Sources */,
				F47D6EEA2157F1B900F21A18 /* ShoeDemoViewController.swift in Sources */,
				F47D6EEB2157F1B900F21A18 /* DeviceCell.swift in Sources */,
				F47D6EEC2157F1B900F21A18 /* ColumnFlowLayout.swift in Sources */,
				F47D6EED2157F1B900F21A18 /* ShoeTableViewController.swift in Sources */,
				F47D6EEE2157F1B900F21A18 /* ShoeViewController.swift in Sources */,
				F47559B8215A263000269DB9 /* MenuItems.swift in Sources */,
				F47D6EEF2157F1B900F21A18 /* ShoeTableViewCell.swift in Sources */,
				F47D6EF02157F1B900F21A18 /* HomeCell.swift in Sources */,
				F47D6EF12157F1B900F21A18 /* UpdateContentTask.swift in Sources */,
				F47D6EF22157F1B900F21A18 /* ShoeManager.swift in Sources */,
				F47D6EF32157F1B900F21A18 /* LineModel.swift in Sources */,
				F47D6EF42157F1B900F21A18 /* BaseDemoViewController.swift in Sources */,
				F47D6EF52157F1B900F21A18 /* CircleView.swift in Sources */,
				F47D6EF62157F1B900F21A18 /* BodyViewCell.swift in Sources */,
				F47D6EF72157F1B900F21A18 /* CustomeIntensityVisualEffect.swift in Sources */,
				F47D6EF82157F1B900F21A18 /* TitleViewCell.swift in Sources */,
				F47D6EF92157F1B900F21A18 /* PitchDemoViewController.swift in Sources */,
				F47D6EFA2157F1B900F21A18 /* ImageViewCell.swift in Sources */,
				F47D6EFB2157F1B900F21A18 /* Shoe.swift in Sources */,
				F47D6EFC2157F1B900F21A18 /* AppDelegate.swift in Sources */,
				F47D6EFD2157F1B900F21A18 /* TextCollectionViewCell.swift in Sources */,
				F47D6EFE2157F1B900F21A18 /* PaddingLabel.swift in Sources */,
				F47D6EFF2157F1B900F21A18 /* URL+cache.swift in Sources */,
				F47D6F002157F1B900F21A18 /* MenuItem.swift in Sources */,
				F47D6F012157F1B900F21A18 /* HomeViewController.swift in Sources */,
				F47D6F022157F1B900F21A18 /* PairingViewController.swift in Sources */,
				F47D6F032157F1B900F21A18 /* ImageCollectionViewCell.swift in Sources */,
			);
			runOnlyForDeploymentPostprocessing = 0;
		};
/* End PBXSourcesBuildPhase section */

/* Begin PBXTargetDependency section */
		A6699A791FCEC80800A4DF6A /* PBXTargetDependency */ = {
			isa = PBXTargetDependency;
			target = A6699A621FCEC80800A4DF6A /* Parade */;
			targetProxy = A6699A781FCEC80800A4DF6A /* PBXContainerItemProxy */;
		};
		A6699A841FCEC80800A4DF6A /* PBXTargetDependency */ = {
			isa = PBXTargetDependency;
			target = A6699A621FCEC80800A4DF6A /* Parade */;
			targetProxy = A6699A831FCEC80800A4DF6A /* PBXContainerItemProxy */;
		};
/* End PBXTargetDependency section */

/* Begin PBXVariantGroup section */
		A6699A6A1FCEC80800A4DF6A /* Main.storyboard */ = {
			isa = PBXVariantGroup;
			children = (
				A6699A6B1FCEC80800A4DF6A /* Base */,
			);
			name = Main.storyboard;
			sourceTree = "<group>";
		};
		A6699A6F1FCEC80800A4DF6A /* LaunchScreen.storyboard */ = {
			isa = PBXVariantGroup;
			children = (
				A6699A701FCEC80800A4DF6A /* Base */,
			);
			name = LaunchScreen.storyboard;
			sourceTree = "<group>";
		};
/* End PBXVariantGroup section */

/* Begin XCBuildConfiguration section */
		A6699A891FCEC80800A4DF6A /* Debug */ = {
			isa = XCBuildConfiguration;
			buildSettings = {
				ALWAYS_SEARCH_USER_PATHS = NO;
				CLANG_ANALYZER_NONNULL = YES;
				CLANG_ANALYZER_NUMBER_OBJECT_CONVERSION = YES_AGGRESSIVE;
				CLANG_CXX_LANGUAGE_STANDARD = "gnu++14";
				CLANG_CXX_LIBRARY = "libc++";
				CLANG_ENABLE_MODULES = YES;
				CLANG_ENABLE_OBJC_ARC = YES;
				CLANG_WARN_BLOCK_CAPTURE_AUTORELEASING = YES;
				CLANG_WARN_BOOL_CONVERSION = YES;
				CLANG_WARN_COMMA = YES;
				CLANG_WARN_CONSTANT_CONVERSION = YES;
				CLANG_WARN_DEPRECATED_OBJC_IMPLEMENTATIONS = YES;
				CLANG_WARN_DIRECT_OBJC_ISA_USAGE = YES_ERROR;
				CLANG_WARN_DOCUMENTATION_COMMENTS = YES;
				CLANG_WARN_EMPTY_BODY = YES;
				CLANG_WARN_ENUM_CONVERSION = YES;
				CLANG_WARN_INFINITE_RECURSION = YES;
				CLANG_WARN_INT_CONVERSION = YES;
				CLANG_WARN_NON_LITERAL_NULL_CONVERSION = YES;
				CLANG_WARN_OBJC_IMPLICIT_RETAIN_SELF = YES;
				CLANG_WARN_OBJC_LITERAL_CONVERSION = YES;
				CLANG_WARN_OBJC_ROOT_CLASS = YES_ERROR;
				CLANG_WARN_RANGE_LOOP_ANALYSIS = YES;
				CLANG_WARN_STRICT_PROTOTYPES = YES;
				CLANG_WARN_SUSPICIOUS_MOVE = YES;
				CLANG_WARN_UNGUARDED_AVAILABILITY = YES_AGGRESSIVE;
				CLANG_WARN_UNREACHABLE_CODE = YES;
				CLANG_WARN__DUPLICATE_METHOD_MATCH = YES;
				CODE_SIGN_IDENTITY = "iPhone Developer";
				COPY_PHASE_STRIP = NO;
				DEBUG_INFORMATION_FORMAT = dwarf;
				ENABLE_STRICT_OBJC_MSGSEND = YES;
				ENABLE_TESTABILITY = YES;
				GCC_C_LANGUAGE_STANDARD = gnu11;
				GCC_DYNAMIC_NO_PIC = NO;
				GCC_NO_COMMON_BLOCKS = YES;
				GCC_OPTIMIZATION_LEVEL = 0;
				GCC_PREPROCESSOR_DEFINITIONS = (
					"DEBUG=1",
					"$(inherited)",
				);
				GCC_WARN_64_TO_32_BIT_CONVERSION = YES;
				GCC_WARN_ABOUT_RETURN_TYPE = YES_ERROR;
				GCC_WARN_UNDECLARED_SELECTOR = YES;
				GCC_WARN_UNINITIALIZED_AUTOS = YES_AGGRESSIVE;
				GCC_WARN_UNUSED_FUNCTION = YES;
				GCC_WARN_UNUSED_VARIABLE = YES;
				IPHONEOS_DEPLOYMENT_TARGET = 11.1;
				MTL_ENABLE_DEBUG_INFO = YES;
				ONLY_ACTIVE_ARCH = YES;
				SDKROOT = iphoneos;
				SWIFT_ACTIVE_COMPILATION_CONDITIONS = DEBUG;
				SWIFT_OPTIMIZATION_LEVEL = "-Onone";
			};
			name = Debug;
		};
		A6699A8A1FCEC80800A4DF6A /* Release */ = {
			isa = XCBuildConfiguration;
			buildSettings = {
				ALWAYS_SEARCH_USER_PATHS = NO;
				CLANG_ANALYZER_NONNULL = YES;
				CLANG_ANALYZER_NUMBER_OBJECT_CONVERSION = YES_AGGRESSIVE;
				CLANG_CXX_LANGUAGE_STANDARD = "gnu++14";
				CLANG_CXX_LIBRARY = "libc++";
				CLANG_ENABLE_MODULES = YES;
				CLANG_ENABLE_OBJC_ARC = YES;
				CLANG_WARN_BLOCK_CAPTURE_AUTORELEASING = YES;
				CLANG_WARN_BOOL_CONVERSION = YES;
				CLANG_WARN_COMMA = YES;
				CLANG_WARN_CONSTANT_CONVERSION = YES;
				CLANG_WARN_DEPRECATED_OBJC_IMPLEMENTATIONS = YES;
				CLANG_WARN_DIRECT_OBJC_ISA_USAGE = YES_ERROR;
				CLANG_WARN_DOCUMENTATION_COMMENTS = YES;
				CLANG_WARN_EMPTY_BODY = YES;
				CLANG_WARN_ENUM_CONVERSION = YES;
				CLANG_WARN_INFINITE_RECURSION = YES;
				CLANG_WARN_INT_CONVERSION = YES;
				CLANG_WARN_NON_LITERAL_NULL_CONVERSION = YES;
				CLANG_WARN_OBJC_IMPLICIT_RETAIN_SELF = YES;
				CLANG_WARN_OBJC_LITERAL_CONVERSION = YES;
				CLANG_WARN_OBJC_ROOT_CLASS = YES_ERROR;
				CLANG_WARN_RANGE_LOOP_ANALYSIS = YES;
				CLANG_WARN_STRICT_PROTOTYPES = YES;
				CLANG_WARN_SUSPICIOUS_MOVE = YES;
				CLANG_WARN_UNGUARDED_AVAILABILITY = YES_AGGRESSIVE;
				CLANG_WARN_UNREACHABLE_CODE = YES;
				CLANG_WARN__DUPLICATE_METHOD_MATCH = YES;
				CODE_SIGN_IDENTITY = "iPhone Developer";
				COPY_PHASE_STRIP = NO;
				DEBUG_INFORMATION_FORMAT = "dwarf-with-dsym";
				ENABLE_NS_ASSERTIONS = NO;
				ENABLE_STRICT_OBJC_MSGSEND = YES;
				GCC_C_LANGUAGE_STANDARD = gnu11;
				GCC_NO_COMMON_BLOCKS = YES;
				GCC_WARN_64_TO_32_BIT_CONVERSION = YES;
				GCC_WARN_ABOUT_RETURN_TYPE = YES_ERROR;
				GCC_WARN_UNDECLARED_SELECTOR = YES;
				GCC_WARN_UNINITIALIZED_AUTOS = YES_AGGRESSIVE;
				GCC_WARN_UNUSED_FUNCTION = YES;
				GCC_WARN_UNUSED_VARIABLE = YES;
				IPHONEOS_DEPLOYMENT_TARGET = 11.1;
				MTL_ENABLE_DEBUG_INFO = NO;
				SDKROOT = iphoneos;
				SWIFT_OPTIMIZATION_LEVEL = "-Owholemodule";
				VALIDATE_PRODUCT = YES;
			};
			name = Release;
		};
		A6699A8C1FCEC80800A4DF6A /* Debug */ = {
			isa = XCBuildConfiguration;
			baseConfigurationReference = 9D7DDE40D3E4624CA228863E /* Pods-Parade.debug.xcconfig */;
			buildSettings = {
				ASSETCATALOG_COMPILER_APPICON_NAME = AppIcon;
				CODE_SIGN_IDENTITY = "iPhone Developer";
				"CODE_SIGN_IDENTITY[sdk=iphoneos*]" = "iPhone Developer";
				CODE_SIGN_STYLE = Automatic;
				DEVELOPMENT_TEAM = X3Y3P7BV38;
				INFOPLIST_FILE = "Parade/Info-Parade.plist";
				IPHONEOS_DEPLOYMENT_TARGET = 11.0;
				LD_RUNPATH_SEARCH_PATHS = "$(inherited) @executable_path/Frameworks";
				PRODUCT_BUNDLE_IDENTIFIER = com.parade.app4pitche;
				PRODUCT_NAME = "$(TARGET_NAME)";
				PROVISIONING_PROFILE = "";
				PROVISIONING_PROFILE_SPECIFIER = "";
				SWIFT_VERSION = 4.0;
				TARGETED_DEVICE_FAMILY = "1,2";
			};
			name = Debug;
		};
		A6699A8D1FCEC80800A4DF6A /* Release */ = {
			isa = XCBuildConfiguration;
			baseConfigurationReference = 9C3B3E386A26263EFD35D854 /* Pods-Parade.release.xcconfig */;
			buildSettings = {
				ASSETCATALOG_COMPILER_APPICON_NAME = AppIcon;
				CODE_SIGN_IDENTITY = "iPhone Developer";
				"CODE_SIGN_IDENTITY[sdk=iphoneos*]" = "iPhone Distribution";
				CODE_SIGN_STYLE = Automatic;
				DEVELOPMENT_TEAM = X3Y3P7BV38;
				INFOPLIST_FILE = "Parade/Info-Parade.plist";
				IPHONEOS_DEPLOYMENT_TARGET = 11.0;
				LD_RUNPATH_SEARCH_PATHS = "$(inherited) @executable_path/Frameworks";
				PRODUCT_BUNDLE_IDENTIFIER = com.parade.app4pitche;
				PRODUCT_NAME = "$(TARGET_NAME)";
				PROVISIONING_PROFILE = "";
				PROVISIONING_PROFILE_SPECIFIER = "";
				SWIFT_VERSION = 4.0;
				TARGETED_DEVICE_FAMILY = "1,2";
			};
			name = Release;
		};
		A6699A8F1FCEC80800A4DF6A /* Debug */ = {
			isa = XCBuildConfiguration;
			buildSettings = {
				ALWAYS_EMBED_SWIFT_STANDARD_LIBRARIES = YES;
				BUNDLE_LOADER = "$(TEST_HOST)";
				CODE_SIGN_STYLE = Manual;
				DEVELOPMENT_TEAM = "";
				INFOPLIST_FILE = ParadeTests/Info.plist;
				LD_RUNPATH_SEARCH_PATHS = "$(inherited) @executable_path/Frameworks @loader_path/Frameworks";
				PRODUCT_BUNDLE_IDENTIFIER = parade.ParadeTests;
				PRODUCT_NAME = "$(TARGET_NAME)";
				PROVISIONING_PROFILE_SPECIFIER = "";
				SWIFT_VERSION = 4.0;
				TARGETED_DEVICE_FAMILY = "1,2";
				TEST_HOST = "$(BUILT_PRODUCTS_DIR)/Parade.app/Parade";
			};
			name = Debug;
		};
		A6699A901FCEC80800A4DF6A /* Release */ = {
			isa = XCBuildConfiguration;
			buildSettings = {
				ALWAYS_EMBED_SWIFT_STANDARD_LIBRARIES = YES;
				BUNDLE_LOADER = "$(TEST_HOST)";
				CODE_SIGN_STYLE = Manual;
				DEVELOPMENT_TEAM = "";
				INFOPLIST_FILE = ParadeTests/Info.plist;
				LD_RUNPATH_SEARCH_PATHS = "$(inherited) @executable_path/Frameworks @loader_path/Frameworks";
				PRODUCT_BUNDLE_IDENTIFIER = parade.ParadeTests;
				PRODUCT_NAME = "$(TARGET_NAME)";
				PROVISIONING_PROFILE_SPECIFIER = "";
				SWIFT_VERSION = 4.0;
				TARGETED_DEVICE_FAMILY = "1,2";
				TEST_HOST = "$(BUILT_PRODUCTS_DIR)/Parade.app/Parade";
			};
			name = Release;
		};
		A6699A921FCEC80800A4DF6A /* Debug */ = {
			isa = XCBuildConfiguration;
			buildSettings = {
				ALWAYS_EMBED_SWIFT_STANDARD_LIBRARIES = YES;
				CODE_SIGN_STYLE = Manual;
				DEVELOPMENT_TEAM = "";
				INFOPLIST_FILE = ParadeUITests/Info.plist;
				LD_RUNPATH_SEARCH_PATHS = "$(inherited) @executable_path/Frameworks @loader_path/Frameworks";
				PRODUCT_BUNDLE_IDENTIFIER = parade.ParadeUITests;
				PRODUCT_NAME = "$(TARGET_NAME)";
				PROVISIONING_PROFILE_SPECIFIER = "";
				SWIFT_VERSION = 4.0;
				TARGETED_DEVICE_FAMILY = "1,2";
				TEST_TARGET_NAME = Parade;
			};
			name = Debug;
		};
		A6699A931FCEC80800A4DF6A /* Release */ = {
			isa = XCBuildConfiguration;
			buildSettings = {
				ALWAYS_EMBED_SWIFT_STANDARD_LIBRARIES = YES;
				CODE_SIGN_STYLE = Manual;
				DEVELOPMENT_TEAM = "";
				INFOPLIST_FILE = ParadeUITests/Info.plist;
				LD_RUNPATH_SEARCH_PATHS = "$(inherited) @executable_path/Frameworks @loader_path/Frameworks";
				PRODUCT_BUNDLE_IDENTIFIER = parade.ParadeUITests;
				PRODUCT_NAME = "$(TARGET_NAME)";
				PROVISIONING_PROFILE_SPECIFIER = "";
				SWIFT_VERSION = 4.0;
				TARGETED_DEVICE_FAMILY = "1,2";
				TEST_TARGET_NAME = Parade;
			};
			name = Release;
		};
		F47D6F192157F1B900F21A18 /* Debug */ = {
			isa = XCBuildConfiguration;
			baseConfigurationReference = 9D7DDE40D3E4624CA228863E /* Pods-Parade.debug.xcconfig */;
			buildSettings = {
				ASSETCATALOG_COMPILER_APPICON_NAME = AppIcon;
				CODE_SIGN_IDENTITY = "iPhone Developer";
				"CODE_SIGN_IDENTITY[sdk=iphoneos*]" = "iPhone Developer";
				CODE_SIGN_STYLE = Manual;
				DEVELOPMENT_TEAM = "";
				INFOPLIST_FILE = "Info-Evone.plist";
				IPHONEOS_DEPLOYMENT_TARGET = 11.0;
				LD_RUNPATH_SEARCH_PATHS = "$(inherited) @executable_path/Frameworks";
				PRODUCT_BUNDLE_IDENTIFIER = com.evone.app4pitche;
				PRODUCT_NAME = "$(TARGET_NAME)";
				PROVISIONING_PROFILE = "";
				PROVISIONING_PROFILE_SPECIFIER = "";
				SWIFT_VERSION = 4.0;
				TARGETED_DEVICE_FAMILY = "1,2";
			};
			name = Debug;
		};
		F47D6F1A2157F1B900F21A18 /* Release */ = {
			isa = XCBuildConfiguration;
			baseConfigurationReference = 9C3B3E386A26263EFD35D854 /* Pods-Parade.release.xcconfig */;
			buildSettings = {
				ASSETCATALOG_COMPILER_APPICON_NAME = AppIcon;
				CODE_SIGN_IDENTITY = "iPhone Developer";
				"CODE_SIGN_IDENTITY[sdk=iphoneos*]" = "iPhone Distribution";
				CODE_SIGN_STYLE = Manual;
				DEVELOPMENT_TEAM = "";
				INFOPLIST_FILE = "Info-Evone.plist";
				IPHONEOS_DEPLOYMENT_TARGET = 11.0;
				LD_RUNPATH_SEARCH_PATHS = "$(inherited) @executable_path/Frameworks";
				PRODUCT_BUNDLE_IDENTIFIER = com.evone.app4pitche;
				PRODUCT_NAME = "$(TARGET_NAME)";
				PROVISIONING_PROFILE = "";
				PROVISIONING_PROFILE_SPECIFIER = "";
				SWIFT_VERSION = 4.0;
				TARGETED_DEVICE_FAMILY = "1,2";
			};
			name = Release;
		};
/* End XCBuildConfiguration section */

/* Begin XCConfigurationList section */
		A6699A5E1FCEC80800A4DF6A /* Build configuration list for PBXProject "Parade" */ = {
			isa = XCConfigurationList;
			buildConfigurations = (
				A6699A891FCEC80800A4DF6A /* Debug */,
				A6699A8A1FCEC80800A4DF6A /* Release */,
			);
			defaultConfigurationIsVisible = 0;
			defaultConfigurationName = Release;
		};
		A6699A8B1FCEC80800A4DF6A /* Build configuration list for PBXNativeTarget "Parade" */ = {
			isa = XCConfigurationList;
			buildConfigurations = (
				A6699A8C1FCEC80800A4DF6A /* Debug */,
				A6699A8D1FCEC80800A4DF6A /* Release */,
			);
			defaultConfigurationIsVisible = 0;
			defaultConfigurationName = Release;
		};
		A6699A8E1FCEC80800A4DF6A /* Build configuration list for PBXNativeTarget "ParadeTests" */ = {
			isa = XCConfigurationList;
			buildConfigurations = (
				A6699A8F1FCEC80800A4DF6A /* Debug */,
				A6699A901FCEC80800A4DF6A /* Release */,
			);
			defaultConfigurationIsVisible = 0;
			defaultConfigurationName = Release;
		};
		A6699A911FCEC80800A4DF6A /* Build configuration list for PBXNativeTarget "ParadeUITests" */ = {
			isa = XCConfigurationList;
			buildConfigurations = (
				A6699A921FCEC80800A4DF6A /* Debug */,
				A6699A931FCEC80800A4DF6A /* Release */,
			);
			defaultConfigurationIsVisible = 0;
			defaultConfigurationName = Release;
		};
		F47D6F182157F1B900F21A18 /* Build configuration list for PBXNativeTarget "Evone" */ = {
			isa = XCConfigurationList;
			buildConfigurations = (
				F47D6F192157F1B900F21A18 /* Debug */,
				F47D6F1A2157F1B900F21A18 /* Release */,
			);
			defaultConfigurationIsVisible = 0;
			defaultConfigurationName = Release;
		};
/* End XCConfigurationList section */
	};
	rootObject = A6699A5B1FCEC80800A4DF6A /* Project object */;
}
